PODS:
  - _NIODataStructures (2.32.3)
  - Amplitude (8.3.1)
  - AppsFlyerFramework (6.4.0):
    - AppsFlyerFramework/Main (= 6.4.0)
  - AppsFlyerFramework/Main (6.4.0)
  - CGRPCZlib (1.0.0)
  - CNIOAtomics (2.32.3)
  - CNIOBoringSSL (2.15.1)
  - CNIOBoringSSLShims (2.15.1):
    - CNIOBoringSSL (= 2.15.1)
  - CNIODarwin (2.32.3)
  - CNIOHTTPParser (2.32.3)
  - CNIOLinux (2.32.3)
  - CNIOWindows (2.32.3)
  - Firebase/Analytics (8.7.0):
    - Firebase/Core
  - Firebase/Core (8.7.0):
    - Firebase/CoreOnly
    - FirebaseAnalytics (~> 8.7.0)
  - Firebase/CoreOnly (8.7.0):
    - FirebaseCore (= 8.7.0)
  - Firebase/RemoteConfig (8.7.0):
    - Firebase/CoreOnly
    - FirebaseRemoteConfig (~> 8.7.0)
  - FirebaseABTesting (8.7.0):
    - FirebaseCore (~> 8.0)
  - FirebaseAnalytics (8.7.0):
    - FirebaseAnalytics/AdIdSupport (= 8.7.0)
    - FirebaseCore (~> 8.0)
    - FirebaseInstallations (~> 8.0)
    - GoogleUtilities/AppDelegateSwizzler (~> 7.4)
    - GoogleUtilities/MethodSwizzler (~> 7.4)
    - GoogleUtilities/Network (~> 7.4)
    - "GoogleUtilities/NSData+zlib (~> 7.4)"
    - nanopb (~> 2.30908.0)
  - FirebaseAnalytics/AdIdSupport (8.7.0):
    - FirebaseCore (~> 8.0)
    - FirebaseInstallations (~> 8.0)
    - GoogleAppMeasurement (= 8.7.0)
    - GoogleUtilities/AppDelegateSwizzler (~> 7.4)
    - GoogleUtilities/MethodSwizzler (~> 7.4)
    - GoogleUtilities/Network (~> 7.4)
    - "GoogleUtilities/NSData+zlib (~> 7.4)"
    - nanopb (~> 2.30908.0)
  - FirebaseCore (8.7.0):
    - FirebaseCoreDiagnostics (~> 8.0)
    - GoogleUtilities/Environment (~> 7.4)
    - GoogleUtilities/Logger (~> 7.4)
  - FirebaseCoreDiagnostics (8.7.0):
    - GoogleDataTransport (~> 9.0)
    - GoogleUtilities/Environment (~> 7.4)
    - GoogleUtilities/Logger (~> 7.4)
    - nanopb (~> 2.30908.0)
  - FirebaseInstallations (8.7.0):
    - FirebaseCore (~> 8.0)
    - GoogleUtilities/Environment (~> 7.4)
    - GoogleUtilities/UserDefaults (~> 7.4)
    - PromisesObjC (< 3.0, >= 1.2)
  - FirebaseRemoteConfig (8.7.0):
    - FirebaseABTesting (~> 8.0)
    - FirebaseCore (~> 8.0)
    - FirebaseInstallations (~> 8.0)
    - GoogleUtilities/Environment (~> 7.4)
    - "GoogleUtilities/NSData+zlib (~> 7.4)"
  - Google-Mobile-Ads-SDK (8.11.0):
    - GoogleAppMeasurement (< 9.0, >= 7.0)
    - GoogleUserMessagingPlatform (>= 1.1)
  - GoogleAppMeasurement (8.7.0):
    - GoogleAppMeasurement/AdIdSupport (= 8.7.0)
    - GoogleUtilities/AppDelegateSwizzler (~> 7.4)
    - GoogleUtilities/MethodSwizzler (~> 7.4)
    - GoogleUtilities/Network (~> 7.4)
    - "GoogleUtilities/NSData+zlib (~> 7.4)"
    - nanopb (~> 2.30908.0)
  - GoogleAppMeasurement/AdIdSupport (8.7.0):
    - GoogleUtilities/AppDelegateSwizzler (~> 7.4)
    - GoogleUtilities/MethodSwizzler (~> 7.4)
    - GoogleUtilities/Network (~> 7.4)
    - "GoogleUtilities/NSData+zlib (~> 7.4)"
    - nanopb (~> 2.30908.0)
  - GoogleDataTransport (9.1.0):
    - GoogleUtilities/Environment (~> 7.2)
    - nanopb (~> 2.30908.0)
    - PromisesObjC (< 3.0, >= 1.2)
  - GoogleUserMessagingPlatform (2.0.0)
  - GoogleUtilities/AppDelegateSwizzler (7.5.2):
    - GoogleUtilities/Environment
    - GoogleUtilities/Logger
    - GoogleUtilities/Network
  - GoogleUtilities/Environment (7.5.2):
    - PromisesObjC (< 3.0, >= 1.2)
  - GoogleUtilities/Logger (7.5.2):
    - GoogleUtilities/Environment
  - GoogleUtilities/MethodSwizzler (7.5.2):
    - GoogleUtilities/Logger
  - GoogleUtilities/Network (7.5.2):
    - GoogleUtilities/Logger
    - "GoogleUtilities/NSData+zlib"
    - GoogleUtilities/Reachability
  - "GoogleUtilities/NSData+zlib (7.5.2)"
  - GoogleUtilities/Reachability (7.5.2):
    - GoogleUtilities/Logger
  - GoogleUtilities/UserDefaults (7.5.2):
    - GoogleUtilities/Logger
  - gRPC-Swift (1.0.0):
    - CGRPCZlib (= 1.0.0)
    - Logging (< 2.0.0, >= 1.4.0)
    - SwiftNIO (< 3.0.0, >= 2.22.0)
    - SwiftNIOExtras (< 2.0.0, >= 1.4.0)
    - SwiftNIOHTTP2 (< 2.0.0, >= 1.16.1)
    - SwiftNIOSSL (< 3.0.0, >= 2.8.0)
    - SwiftNIOTransportServices (< 2.0.0, >= 1.6.0)
    - SwiftProtobuf (< 2.0.0, >= 1.9.0)
  - Logging (1.4.0)
  - nanopb (2.30908.0):
    - nanopb/decode (= 2.30908.0)
    - nanopb/encode (= 2.30908.0)
  - nanopb/decode (2.30908.0)
  - nanopb/encode (2.30908.0)
  - OneSignalXCFramework (3.8.0)
  - PromisesObjC (2.0.0)
  - Purchases (3.12.4):
    - PurchasesCoreSwift (= 3.12.4)
  - PurchasesCoreSwift (3.12.4)
  - ReachabilitySwift (5.0.0)
  - SkarbSDK (0.4.16):
    - gRPC-Swift (= 1.0.0)
    - ReachabilitySwift (= 5.0.0)
  - SwiftNIO (2.32.3):
    - SwiftNIOCore (= 2.32.3)
    - SwiftNIOEmbedded (= 2.32.3)
    - SwiftNIOPosix (= 2.32.3)
  - SwiftNIOConcurrencyHelpers (2.32.3):
    - CNIOAtomics (= 2.32.3)
  - SwiftNIOCore (2.32.3):
    - CNIOLinux (= 2.32.3)
    - SwiftNIOConcurrencyHelpers (= 2.32.3)
  - SwiftNIOEmbedded (2.32.3):
    - _NIODataStructures (= 2.32.3)
    - SwiftNIOCore (= 2.32.3)
  - SwiftNIOExtras (1.10.2):
    - SwiftNIO (< 3, >= 2.32.0)
  - SwiftNIOFoundationCompat (2.32.3):
    - SwiftNIO (= 2.32.3)
    - SwiftNIOCore (= 2.32.3)
  - SwiftNIOHPACK (1.18.3):
    - SwiftNIO (< 3, >= 2.32.0)
    - SwiftNIOConcurrencyHelpers (< 3, >= 2.32.0)
    - SwiftNIOCore (< 3, >= 2.32.0)
    - SwiftNIOHTTP1 (< 3, >= 2.32.0)
  - SwiftNIOHTTP1 (2.32.3):
    - CNIOHTTPParser (= 2.32.3)
    - SwiftNIO (= 2.32.3)
    - SwiftNIOConcurrencyHelpers (= 2.32.3)
    - SwiftNIOCore (= 2.32.3)
  - SwiftNIOHTTP2 (1.18.3):
    - SwiftNIO (< 3, >= 2.32.0)
    - SwiftNIOConcurrencyHelpers (< 3, >= 2.32.0)
    - SwiftNIOCore (< 3, >= 2.32.0)
    - SwiftNIOHPACK (= 1.18.3)
    - SwiftNIOHTTP1 (< 3, >= 2.32.0)
    - SwiftNIOTLS (< 3, >= 2.32.0)
  - SwiftNIOPosix (2.32.3):
    - _NIODataStructures (= 2.32.3)
    - CNIODarwin (= 2.32.3)
    - CNIOLinux (= 2.32.3)
    - CNIOWindows (= 2.32.3)
    - SwiftNIOConcurrencyHelpers (= 2.32.3)
    - SwiftNIOCore (= 2.32.3)
  - SwiftNIOSSL (2.15.1):
    - CNIOBoringSSL (= 2.15.1)
    - CNIOBoringSSLShims (= 2.15.1)
    - SwiftNIO (< 3, >= 2.32.0)
    - SwiftNIOConcurrencyHelpers (< 3, >= 2.32.0)
    - SwiftNIOCore (< 3, >= 2.32.0)
    - SwiftNIOTLS (< 3, >= 2.32.0)
  - SwiftNIOTLS (2.32.3):
    - SwiftNIO (= 2.32.3)
    - SwiftNIOCore (= 2.32.3)
  - SwiftNIOTransportServices (1.11.3):
    - SwiftNIO (< 3, >= 2.32.0)
    - SwiftNIOConcurrencyHelpers (< 3, >= 2.32.0)
    - SwiftNIOFoundationCompat (< 3, >= 2.32.0)
    - SwiftNIOTLS (< 3, >= 2.32.0)
  - SwiftProtobuf (1.17.0)
  - SwiftyJSON (5.0.1)

DEPENDENCIES:
  - Amplitude
  - AppsFlyerFramework
  - Firebase/Analytics
  - Firebase/RemoteConfig
  - Google-Mobile-Ads-SDK
  - OneSignalXCFramework
  - Purchases
  - SkarbSDK
  - SwiftyJSON

SPEC REPOS:
  trunk:
    - _NIODataStructures
    - Amplitude
    - AppsFlyerFramework
    - CGRPCZlib
    - CNIOAtomics
    - CNIOBoringSSL
    - CNIOBoringSSLShims
    - CNIODarwin
    - CNIOHTTPParser
    - CNIOLinux
    - CNIOWindows
    - Firebase
    - FirebaseABTesting
    - FirebaseAnalytics
    - FirebaseCore
    - FirebaseCoreDiagnostics
    - FirebaseInstallations
    - FirebaseRemoteConfig
    - Google-Mobile-Ads-SDK
    - GoogleAppMeasurement
    - GoogleDataTransport
    - GoogleUserMessagingPlatform
    - GoogleUtilities
    - gRPC-Swift
    - Logging
    - nanopb
    - OneSignalXCFramework
    - PromisesObjC
    - Purchases
    - PurchasesCoreSwift
    - ReachabilitySwift
    - SkarbSDK
    - SwiftNIO
    - SwiftNIOConcurrencyHelpers
    - SwiftNIOCore
    - SwiftNIOEmbedded
    - SwiftNIOExtras
    - SwiftNIOFoundationCompat
    - SwiftNIOHPACK
    - SwiftNIOHTTP1
    - SwiftNIOHTTP2
    - SwiftNIOPosix
    - SwiftNIOSSL
    - SwiftNIOTLS
    - SwiftNIOTransportServices
    - SwiftProtobuf
    - SwiftyJSON

SPEC CHECKSUMS:
  _NIODataStructures: e2077c7dc7c1d6c93e698c85fe04d663a17f53a4
  Amplitude: c25a44ad72b84e684fcf67c478c1fb5c95e286a3
  AppsFlyerFramework: 9c37252d3edce38257afc065ad48a48c0f004000
  CGRPCZlib: b0c9d704a12fa667f1824ffff20688f191945989
  CNIOAtomics: 4dde57e1838a29a9b23ef91617505f34751cdbe5
  CNIOBoringSSL: c99129423da079a9eb74bcfc7cfec41a6775cf94
  CNIOBoringSSLShims: 902ae35fea0b6be5eefb4fdce906751886cfa46f
  CNIODarwin: 0489511f8486443af71ff986ccd5abbc680ae713
  CNIOHTTPParser: f7a6816f7ddbe7dfa57a74cd36dc2db2c53b56e8
  CNIOLinux: 5921dfefbc4bbe017380b34c510855622147ea41
  CNIOWindows: f5aa9dfb401b440a7b4c9cd911e53e981a787193
  Firebase: bc9325d5ee2041524bac78a5213d0e530c651309
  FirebaseABTesting: 5a72ea0e88422f9e223614cb4016cafffb2af8d1
  FirebaseAnalytics: 52768800c2add1d84b751420cb4caaf8195f2c41
  FirebaseCore: f4804c1d3f4bbbefc88904d15653038f2c99ddf7
  FirebaseCoreDiagnostics: b63732f581a1c6a453ec7241f9ab60b3a5bd3450
  FirebaseInstallations: ede6fb72bb6337914e5888b399271259d0c4910c
  FirebaseRemoteConfig: 34300dd83055c06e2768d0932dd8fb2c1575745f
  Google-Mobile-Ads-SDK: be2192b51b74d74a6ed70590c2e8275412f1b71e
  GoogleAppMeasurement: 2be61ce546ad074dbe4dd545f222ac6033bb1d9e
  GoogleDataTransport: 85fd18ff3019bb85d3f2c551d04c481dedf71fc9
  GoogleUserMessagingPlatform: ab890ce5f6620f293a21b6bdd82e416a2c73aeca
  GoogleUtilities: 8de2a97a17e15b6b98e38e8770e2d129a57c0040
  gRPC-Swift: 77154009a019e97f8c4bd8f2bb75fe9726801157
  Logging: beeb016c9c80cf77042d62e83495816847ef108b
  nanopb: a0ba3315591a9ae0a16a309ee504766e90db0c96
  OneSignalXCFramework: 20b6eea6af6617116f4bd76772adae5892e21bf1
  PromisesObjC: 68159ce6952d93e17b2dfe273b8c40907db5ba58
  Purchases: c451e29e3ceefaa8e7926a0d0d831b0f0ff39e32
  PurchasesCoreSwift: c276d8c8df495271afebb0b090ec35117a0a827f
  ReachabilitySwift: 985039c6f7b23a1da463388634119492ff86c825
  SkarbSDK: d37fae575a7a8ec9b8c47740de18995a29901e79
  SwiftNIO: bb336ceef32850e9671d3fa0e0cc2b9add3b5948
  SwiftNIOConcurrencyHelpers: ca2594e10749655f42baf5468212be83d2f94fe3
  SwiftNIOCore: 9deed6620f80c7c82e8e2c2ffb9864495416d892
  SwiftNIOEmbedded: b7ccf12b402dff35a5d4356990a6253621e4337d
  SwiftNIOExtras: 70f09aa8eca3ab6baeaf1993da9c855b6e95e97f
  SwiftNIOFoundationCompat: d3b888766e7c67354a4e4e145d38edf9586efa0c
  SwiftNIOHPACK: e2fc784ce453bec4c058b21071e89fb7e542ac30
  SwiftNIOHTTP1: 349a16aae363250cd49f430a9fdb93cff518adfa
  SwiftNIOHTTP2: a0322f3dcecd949e03df65f4dac106411df0f12c
  SwiftNIOPosix: e4988a8dcfd5a6319bde219d7a3d0acc5fbe7a89
  SwiftNIOSSL: 7c2ddcbcbb2a8188468b7fe9c2bc6124df4b3772
  SwiftNIOTLS: 1b8290ec775238ccc714ed842d929494df95a2c2
  SwiftNIOTransportServices: 1fbbdb58510af3c53a838a1dbea98f18132dc952
  SwiftProtobuf: 9c85136c6ba74b0a1b84279dbf0f6db8efb714e0
  SwiftyJSON: 2f33a42c6fbc52764d96f13368585094bfd8aa5e

PODFILE CHECKSUM: 134f001c638ea41454644191444fd9adb6bf8d3c

COCOAPODS: 1.10.2
