// !$*UTF8*$!
{
	archiveVersion = 1;
	classes = {
	};
	objectVersion = 51;
	objects = {

/* Begin PBXBuildFile section */
		2805FD9526F4BC820055BD6C /* StoreKit.framework in Frameworks */ = {isa = PBXBuildFile; fileRef = 2805FD9426F4BC820055BD6C /* StoreKit.framework */; };
		281FEB3226F395D900F115DE /* SKProduct.swift in Sources */ = {isa = PBXBuildFile; fileRef = 281FEB3126F395D900F115DE /* SKProduct.swift */; };
		281FEB3426F454B800F115DE /* SubscriptionPlansPage.swift in Sources */ = {isa = PBXBuildFile; fileRef = 281FEB3326F454B800F115DE /* SubscriptionPlansPage.swift */; };
		2823316B26C6B82B002EB4C2 /* SettingsViewController.swift in Sources */ = {isa = PBXBuildFile; fileRef = 2823316A26C6B82B002EB4C2 /* SettingsViewController.swift */; };
		2823316F26C6C4F0002EB4C2 /* PresetViewController.swift in Sources */ = {isa = PBXBuildFile; fileRef = 2823316E26C6C4F0002EB4C2 /* PresetViewController.swift */; };
		2823317326C6DAE0002EB4C2 /* PresetImageCollectionViewCell.swift in Sources */ = {isa = PBXBuildFile; fileRef = 2823317126C6DAE0002EB4C2 /* PresetImageCollectionViewCell.swift */; };
		2823317426C6DAE0002EB4C2 /* PresetImageCollectionViewCell.xib in Resources */ = {isa = PBXBuildFile; fileRef = 2823317226C6DAE0002EB4C2 /* PresetImageCollectionViewCell.xib */; };
		2847BA6C273D6C8C00866B6C /* UINotification.swift in Sources */ = {isa = PBXBuildFile; fileRef = 2847BA6B273D6C8C00866B6C /* UINotification.swift */; };
		285452EB26C562AE0097B9B2 /* Constants.swift in Sources */ = {isa = PBXBuildFile; fileRef = 285452EA26C562AE0097B9B2 /* Constants.swift */; };
		285452F026C5643B0097B9B2 /* GradientButton.swift in Sources */ = {isa = PBXBuildFile; fileRef = 285452EF26C5643B0097B9B2 /* GradientButton.swift */; };
		285452F326C5722B0097B9B2 /* PopupViewController.swift in Sources */ = {isa = PBXBuildFile; fileRef = 285452F226C5722B0097B9B2 /* PopupViewController.swift */; };
		285452F526C572440097B9B2 /* DefaultPopupViewController.swift in Sources */ = {isa = PBXBuildFile; fileRef = 285452F426C572440097B9B2 /* DefaultPopupViewController.swift */; };
		285452F726C577B00097B9B2 /* PopupBackgroundView.swift in Sources */ = {isa = PBXBuildFile; fileRef = 285452F626C577B00097B9B2 /* PopupBackgroundView.swift */; };
		2868AF1D26CFD068007FA1A5 /* presets.json in Resources */ = {isa = PBXBuildFile; fileRef = 2868AF1C26CFD068007FA1A5 /* presets.json */; };
		2868AF2026CFD456007FA1A5 /* Preset.swift in Sources */ = {isa = PBXBuildFile; fileRef = 2868AF1F26CFD456007FA1A5 /* Preset.swift */; };
		2868AF2426CFE6C3007FA1A5 /* State.swift in Sources */ = {isa = PBXBuildFile; fileRef = 2868AF2326CFE6C3007FA1A5 /* State.swift */; };
		2868AF2626CFE6CF007FA1A5 /* Language.swift in Sources */ = {isa = PBXBuildFile; fileRef = 2868AF2526CFE6CF007FA1A5 /* Language.swift */; };
		287D9A1926FB73E2009CC19F /* StoreManager.swift in Sources */ = {isa = PBXBuildFile; fileRef = 287D9A1826FB73E2009CC19F /* StoreManager.swift */; };
		28837EDC27968FB5009D144B /* SaleOfferViewController.swift in Sources */ = {isa = PBXBuildFile; fileRef = 28837EDB27968FB5009D144B /* SaleOfferViewController.swift */; };
		28837EDE2796AADD009D144B /* SaleSubscriptionPage.swift in Sources */ = {isa = PBXBuildFile; fileRef = 28837EDD2796AADD009D144B /* SaleSubscriptionPage.swift */; };
		28837EE02796BF47009D144B /* String.swift in Sources */ = {isa = PBXBuildFile; fileRef = 28837EDF2796BF47009D144B /* String.swift */; };
		28940B0926EBCEE30025944D /* RemoteConfig.swift in Sources */ = {isa = PBXBuildFile; fileRef = 28940B0826EBCEE30025944D /* RemoteConfig.swift */; };
		28940B0C26EC704F0025944D /* OrganicSubscriptionPage.swift in Sources */ = {isa = PBXBuildFile; fileRef = 28940B0B26EC704F0025944D /* OrganicSubscriptionPage.swift */; };
		28AB3A9926C4EC2800201D37 /* RedGradientButton.swift in Sources */ = {isa = PBXBuildFile; fileRef = 28AB3A9826C4EC2800201D37 /* RedGradientButton.swift */; };
		28AB3A9D26C5594900201D37 /* Util.swift in Sources */ = {isa = PBXBuildFile; fileRef = 28AB3A9C26C5594900201D37 /* Util.swift */; };
		28B13DFB278D517700C84BBC /* grid-nude.jpg in Resources */ = {isa = PBXBuildFile; fileRef = 28B13DEC278D517700C84BBC /* grid-nude.jpg */; };
		28B13DFC278D517700C84BBC /* grid-cappuccino.jpg in Resources */ = {isa = PBXBuildFile; fileRef = 28B13DEE278D517700C84BBC /* grid-cappuccino.jpg */; };
		28B13DFD278D517700C84BBC /* grid-chocolate.jpg in Resources */ = {isa = PBXBuildFile; fileRef = 28B13DF0278D517700C84BBC /* grid-chocolate.jpg */; };
		28B13DFE278D517700C84BBC /* grid-color-autumn.jpg in Resources */ = {isa = PBXBuildFile; fileRef = 28B13DF2278D517700C84BBC /* grid-color-autumn.jpg */; };
		28B13DFF278D517700C84BBC /* grid-muted.jpg in Resources */ = {isa = PBXBuildFile; fileRef = 28B13DF4278D517700C84BBC /* grid-muted.jpg */; };
		28B13E00278D517700C84BBC /* grid-male.jpg in Resources */ = {isa = PBXBuildFile; fileRef = 28B13DF6278D517700C84BBC /* grid-male.jpg */; };
		28B13E01278D517700C84BBC /* grid-blue-dusk.jpg in Resources */ = {isa = PBXBuildFile; fileRef = 28B13DF8278D517700C84BBC /* grid-blue-dusk.jpg */; };
		28B13E02278D517700C84BBC /* grid-christmas.jpg in Resources */ = {isa = PBXBuildFile; fileRef = 28B13DFA278D517700C84BBC /* grid-christmas.jpg */; };
		28B72A8826F5D9A3002E2A22 /* GoogleService-Info.plist in Resources */ = {isa = PBXBuildFile; fileRef = 28B72A8726F5D9A2002E2A22 /* GoogleService-Info.plist */; };
		28C3E62F26EB3725001C2985 /* NotificationService.swift in Sources */ = {isa = PBXBuildFile; fileRef = 28C3E62E26EB3725001C2985 /* NotificationService.swift */; };
		28C3E63326EB3725001C2985 /* OneSignalNotificationServiceExtension.appex in Embed App Extensions */ = {isa = PBXBuildFile; fileRef = 28C3E62C26EB3725001C2985 /* OneSignalNotificationServiceExtension.appex */; settings = {ATTRIBUTES = (RemoveHeadersOnCopy, ); }; };
		28D84514273988E1006C0F17 /* ProdinfireManager.swift in Sources */ = {isa = PBXBuildFile; fileRef = 28D84513273988E1006C0F17 /* ProdinfireManager.swift */; };
		28D8453C273A8237006C0F17 /* grid-nordic.jpeg in Resources */ = {isa = PBXBuildFile; fileRef = 28D84517273A8237006C0F17 /* grid-nordic.jpeg */; };
		28D8453D273A8237006C0F17 /* grid-blvck.jpeg in Resources */ = {isa = PBXBuildFile; fileRef = 28D84519273A8237006C0F17 /* grid-blvck.jpeg */; };
		28D8453E273A8237006C0F17 /* grid-night-bar.jpeg in Resources */ = {isa = PBXBuildFile; fileRef = 28D8451B273A8237006C0F17 /* grid-night-bar.jpeg */; };
		28D8453F273A8237006C0F17 /* grid-paradise.jpeg in Resources */ = {isa = PBXBuildFile; fileRef = 28D8451D273A8237006C0F17 /* grid-paradise.jpeg */; };
		28D84540273A8237006C0F17 /* grid-rich-black.jpeg in Resources */ = {isa = PBXBuildFile; fileRef = 28D8451F273A8237006C0F17 /* grid-rich-black.jpeg */; };
		28D84541273A8237006C0F17 /* grid-earthy-tones.jpeg in Resources */ = {isa = PBXBuildFile; fileRef = 28D84521273A8237006C0F17 /* grid-earthy-tones.jpeg */; };
		28D84542273A8237006C0F17 /* grid-boho.jpeg in Resources */ = {isa = PBXBuildFile; fileRef = 28D84523273A8237006C0F17 /* grid-boho.jpeg */; };
		28D84543273A8237006C0F17 /* grid-true-black.jpeg in Resources */ = {isa = PBXBuildFile; fileRef = 28D84525273A8237006C0F17 /* grid-true-black.jpeg */; };
		28D84544273A8237006C0F17 /* grid-dark-moody.jpg in Resources */ = {isa = PBXBuildFile; fileRef = 28D84527273A8237006C0F17 /* grid-dark-moody.jpg */; };
		28D84545273A8237006C0F17 /* grid-dark-orange.jpeg in Resources */ = {isa = PBXBuildFile; fileRef = 28D84529273A8237006C0F17 /* grid-dark-orange.jpeg */; };
		28D84546273A8237006C0F17 /* grid-nature.jpeg in Resources */ = {isa = PBXBuildFile; fileRef = 28D8452B273A8237006C0F17 /* grid-nature.jpeg */; };
		28D84547273A8237006C0F17 /* grid-amber.jpeg in Resources */ = {isa = PBXBuildFile; fileRef = 28D8452D273A8237006C0F17 /* grid-amber.jpeg */; };
		28D84548273A8237006C0F17 /* grid-boho-wedding.jpeg in Resources */ = {isa = PBXBuildFile; fileRef = 28D8452F273A8237006C0F17 /* grid-boho-wedding.jpeg */; };
		28D84549273A8237006C0F17 /* grid-coffee.jpeg in Resources */ = {isa = PBXBuildFile; fileRef = 28D84531273A8237006C0F17 /* grid-coffee.jpeg */; };
		28D8454A273A8237006C0F17 /* grid-minimal-style.jpeg in Resources */ = {isa = PBXBuildFile; fileRef = 28D84533273A8237006C0F17 /* grid-minimal-style.jpeg */; };
		28D8454B273A8237006C0F17 /* grid-vintage-film.jpeg in Resources */ = {isa = PBXBuildFile; fileRef = 28D84535273A8237006C0F17 /* grid-vintage-film.jpeg */; };
		28D8454C273A8237006C0F17 /* grid-summer.jpeg in Resources */ = {isa = PBXBuildFile; fileRef = 28D84537273A8237006C0F17 /* grid-summer.jpeg */; };
		28D8454D273A8237006C0F17 /* grid-cream-white.jpeg in Resources */ = {isa = PBXBuildFile; fileRef = 28D84539273A8237006C0F17 /* grid-cream-white.jpeg */; };
		28D8454E273A8237006C0F17 /* grid-moody-blue.jpeg in Resources */ = {isa = PBXBuildFile; fileRef = 28D8453B273A8237006C0F17 /* grid-moody-blue.jpeg */; };
		28DEEB402736635600006A75 /* StoreKitTestCertificate.cer in Resources */ = {isa = PBXBuildFile; fileRef = 28DEEB3F2736635600006A75 /* StoreKitTestCertificate.cer */; };
		28DEEB422736652A00006A75 /* StorageManager.swift in Sources */ = {isa = PBXBuildFile; fileRef = 28DEEB412736652A00006A75 /* StorageManager.swift */; };
		28DEEB442736F05200006A75 /* UIImageView.swift in Sources */ = {isa = PBXBuildFile; fileRef = 28DEEB432736F05200006A75 /* UIImageView.swift */; };
		28DEEB462737055100006A75 /* GoogleService-Info (RELEASE).plist in Resources */ = {isa = PBXBuildFile; fileRef = 28DEEB452737055100006A75 /* GoogleService-Info (RELEASE).plist */; };
		28DEEB4927372F9700006A75 /* PresetsCollectionViewCell.swift in Sources */ = {isa = PBXBuildFile; fileRef = 28DEEB4727372F9700006A75 /* PresetsCollectionViewCell.swift */; };
		28DEEB4A27372F9700006A75 /* PresetsCollectionViewCell.xib in Resources */ = {isa = PBXBuildFile; fileRef = 28DEEB4827372F9700006A75 /* PresetsCollectionViewCell.xib */; };
		28F1330A26CA74FB00DB7142 /* Controllers+Cells.swift in Sources */ = {isa = PBXBuildFile; fileRef = 28F1330926CA74FB00DB7142 /* Controllers+Cells.swift */; };
		28F1330C26CA763F00DB7142 /* Images.swift in Sources */ = {isa = PBXBuildFile; fileRef = 28F1330B26CA763F00DB7142 /* Images.swift */; };
		28F1330F26CA7BB500DB7142 /* UIView.swift in Sources */ = {isa = PBXBuildFile; fileRef = 28F1330E26CA7BB500DB7142 /* UIView.swift */; };
		28F1331126CA7BE000DB7142 /* UIViewController.swift in Sources */ = {isa = PBXBuildFile; fileRef = 28F1331026CA7BE000DB7142 /* UIViewController.swift */; };
		28F1331326CA7BFF00DB7142 /* UILabel.swift in Sources */ = {isa = PBXBuildFile; fileRef = 28F1331226CA7BFF00DB7142 /* UILabel.swift */; };
		28F1331826CA7F9900DB7142 /* UITableView.swift in Sources */ = {isa = PBXBuildFile; fileRef = 28F1331726CA7F9900DB7142 /* UITableView.swift */; };
		28F1331A26CA801500DB7142 /* UICollectionView.swift in Sources */ = {isa = PBXBuildFile; fileRef = 28F1331926CA801500DB7142 /* UICollectionView.swift */; };
		28F1331C26CA80F000DB7142 /* UIButton.swift in Sources */ = {isa = PBXBuildFile; fileRef = 28F1331B26CA80F000DB7142 /* UIButton.swift */; };
		28F1333A26CA8FA800DB7142 /* Localizable.strings in Resources */ = {isa = PBXBuildFile; fileRef = 28F1333C26CA8FA800DB7142 /* Localizable.strings */; };
		28F1335826CA90A200DB7142 /* InfoPlist.strings in Resources */ = {isa = PBXBuildFile; fileRef = 28F1335A26CA90A200DB7142 /* InfoPlist.strings */; };
		28F1337126CA9F7E00DB7142 /* swiftgen.yml in Resources */ = {isa = PBXBuildFile; fileRef = 28F1337026CA9F7E00DB7142 /* swiftgen.yml */; };
		28F1337326CAA0D100DB7142 /* GeneratedStrings.swift in Sources */ = {isa = PBXBuildFile; fileRef = 28F1337226CAA0D100DB7142 /* GeneratedStrings.swift */; };
		4A02E90826C542FA00E3FCF0 /* SubscriptionViewController.swift in Sources */ = {isa = PBXBuildFile; fileRef = 4A02E90726C542FA00E3FCF0 /* SubscriptionViewController.swift */; };
		4A266A6726C6D5B300318A8D /* SettingsPopupViewController.swift in Sources */ = {isa = PBXBuildFile; fileRef = 4A266A6626C6D5B300318A8D /* SettingsPopupViewController.swift */; };
		4A27D3A126C69CCC00A4D069 /* PresetTableViewCell.xib in Resources */ = {isa = PBXBuildFile; fileRef = 4A27D3A026C69CCC00A4D069 /* PresetTableViewCell.xib */; };
		4A46A56926C5A9AD005EBD85 /* SubscriptionPlansViewController.swift in Sources */ = {isa = PBXBuildFile; fileRef = 4A46A56826C5A9AD005EBD85 /* SubscriptionPlansViewController.swift */; };
		4A46A56E26C5D701005EBD85 /* MainViewController.swift in Sources */ = {isa = PBXBuildFile; fileRef = 4A46A56D26C5D701005EBD85 /* MainViewController.swift */; };
		4A46A57126C5DEFE005EBD85 /* CategoryCollectionViewCell.swift in Sources */ = {isa = PBXBuildFile; fileRef = 4A46A56F26C5DEFE005EBD85 /* CategoryCollectionViewCell.swift */; };
		4A46A57226C5DEFE005EBD85 /* CategoryCollectionViewCell.xib in Resources */ = {isa = PBXBuildFile; fileRef = 4A46A57026C5DEFE005EBD85 /* CategoryCollectionViewCell.xib */; };
		4A46A57926C6757D005EBD85 /* PresetTableViewCell.swift in Sources */ = {isa = PBXBuildFile; fileRef = 4A46A57726C6757D005EBD85 /* PresetTableViewCell.swift */; };
		4A553F4B26C41F97001150D2 /* AppDelegate.swift in Sources */ = {isa = PBXBuildFile; fileRef = 4A553F4A26C41F97001150D2 /* AppDelegate.swift */; };
		4A553F4D26C41F97001150D2 /* SceneDelegate.swift in Sources */ = {isa = PBXBuildFile; fileRef = 4A553F4C26C41F97001150D2 /* SceneDelegate.swift */; };
		4A553F5226C41F97001150D2 /* Main.storyboard in Resources */ = {isa = PBXBuildFile; fileRef = 4A553F5026C41F97001150D2 /* Main.storyboard */; };
		4A553F5426C41F98001150D2 /* Assets.xcassets in Resources */ = {isa = PBXBuildFile; fileRef = 4A553F5326C41F98001150D2 /* Assets.xcassets */; };
		4A553F5726C41F98001150D2 /* LaunchScreen.storyboard in Resources */ = {isa = PBXBuildFile; fileRef = 4A553F5526C41F98001150D2 /* LaunchScreen.storyboard */; };
		4A5A2C6826C4798F00F78C2F /* Rubik-Bold.ttf in Resources */ = {isa = PBXBuildFile; fileRef = 4A5A2C6726C4798F00F78C2F /* Rubik-Bold.ttf */; };
		4A5A2C6A26C4799E00F78C2F /* Rubik-Regular.ttf in Resources */ = {isa = PBXBuildFile; fileRef = 4A5A2C6926C4799E00F78C2F /* Rubik-Regular.ttf */; };
		4A5A2C6C26C479AA00F78C2F /* Rubik-Medium.ttf in Resources */ = {isa = PBXBuildFile; fileRef = 4A5A2C6B26C479AA00F78C2F /* Rubik-Medium.ttf */; };
		4A5A2C6E26C47BF900F78C2F /* EuclidCircularA-Bold.ttf in Resources */ = {isa = PBXBuildFile; fileRef = 4A5A2C6D26C47BF900F78C2F /* EuclidCircularA-Bold.ttf */; };
		4A5A2C7026C47C1D00F78C2F /* EuclidCircularA-Medium.ttf in Resources */ = {isa = PBXBuildFile; fileRef = 4A5A2C6F26C47C1D00F78C2F /* EuclidCircularA-Medium.ttf */; };
		4A5A2C7226C47C3000F78C2F /* EuclidCircularA-Regular.ttf in Resources */ = {isa = PBXBuildFile; fileRef = 4A5A2C7126C47C3000F78C2F /* EuclidCircularA-Regular.ttf */; };
		4A5A2C7426C47C4A00F78C2F /* EuclidCircularA-SemiBold.ttf in Resources */ = {isa = PBXBuildFile; fileRef = 4A5A2C7326C47C4A00F78C2F /* EuclidCircularA-SemiBold.ttf */; };
		4A5A2C7626C4858600F78C2F /* OnboardingViewController.swift in Sources */ = {isa = PBXBuildFile; fileRef = 4A5A2C7526C4858600F78C2F /* OnboardingViewController.swift */; };
		4A5A2C7826C4877B00F78C2F /* BaseViewController.swift in Sources */ = {isa = PBXBuildFile; fileRef = 4A5A2C7726C4877B00F78C2F /* BaseViewController.swift */; };
		4A5A2C7D26C4880C00F78C2F /* UITextView.swift in Sources */ = {isa = PBXBuildFile; fileRef = 4A5A2C7C26C4880C00F78C2F /* UITextView.swift */; };
		4A5AE4DA26C811EA009DC242 /* PagingCollectionViewLayout.swift in Sources */ = {isa = PBXBuildFile; fileRef = 4A5AE4D926C811EA009DC242 /* PagingCollectionViewLayout.swift */; };
		4A610F9E26C48BC800D1CCC0 /* BlueGradientButton.swift in Sources */ = {isa = PBXBuildFile; fileRef = 4A610F9D26C48BC800D1CCC0 /* BlueGradientButton.swift */; };
		4A800E782732DD5E004C1DB9 /* SettingsNavigationController.swift in Sources */ = {isa = PBXBuildFile; fileRef = 4A800E772732DD5E004C1DB9 /* SettingsNavigationController.swift */; };
		4A93F3AB26C6847A0075D01D /* UserPresetsViewController.swift in Sources */ = {isa = PBXBuildFile; fileRef = 4A93F3AA26C6847A0075D01D /* UserPresetsViewController.swift */; };
		4AC3A86226C6E86200B1340A /* ManualViewController.swift in Sources */ = {isa = PBXBuildFile; fileRef = 4AC3A86126C6E86200B1340A /* ManualViewController.swift */; };
		4AE7C3C927986A7E00E0B5DE /* SubscriptionFirstViewController.swift in Sources */ = {isa = PBXBuildFile; fileRef = 4AE7C3C827986A7E00E0B5DE /* SubscriptionFirstViewController.swift */; };
		4AE7C3CB279870A200E0B5DE /* SubscriptionSecondViewController.swift in Sources */ = {isa = PBXBuildFile; fileRef = 4AE7C3CA279870A200E0B5DE /* SubscriptionSecondViewController.swift */; };
		4AE7C3CD2798851800E0B5DE /* SubscriptionThirdViewController.swift in Sources */ = {isa = PBXBuildFile; fileRef = 4AE7C3CC2798851800E0B5DE /* SubscriptionThirdViewController.swift */; };
		4AF7612F26DD11D30060D705 /* UINavigationController.swift in Sources */ = {isa = PBXBuildFile; fileRef = 4AF7612E26DD11D30060D705 /* UINavigationController.swift */; };
		4AF7613126DD58CD0060D705 /* tutorial.mov in Resources */ = {isa = PBXBuildFile; fileRef = 4AF7613026DD58CD0060D705 /* tutorial.mov */; };
		5A32A7601FA57682FB7F2F9C /* Pods_Presets.framework in Frameworks */ = {isa = PBXBuildFile; fileRef = C47D460AA706E2E6FE11C8DF /* Pods_Presets.framework */; };
		D71188DE1FA627B4D9F700BE /* Pods_OneSignalNotificationServiceExtension.framework in Frameworks */ = {isa = PBXBuildFile; fileRef = EEB551C3082F3874FB4BA80C /* Pods_OneSignalNotificationServiceExtension.framework */; };
/* End PBXBuildFile section */

/* Begin PBXContainerItemProxy section */
		28C3E63126EB3725001C2985 /* PBXContainerItemProxy */ = {
			isa = PBXContainerItemProxy;
			containerPortal = 4A553F3F26C41F96001150D2 /* Project object */;
			proxyType = 1;
			remoteGlobalIDString = 28C3E62B26EB3725001C2985;
			remoteInfo = OneSignalNotificationServiceExtension;
		};
/* End PBXContainerItemProxy section */

/* Begin PBXCopyFilesBuildPhase section */
		28C3E63426EB3725001C2985 /* Embed App Extensions */ = {
			isa = PBXCopyFilesBuildPhase;
			buildActionMask = 2147483647;
			dstPath = "";
			dstSubfolderSpec = 13;
			files = (
				28C3E63326EB3725001C2985 /* OneSignalNotificationServiceExtension.appex in Embed App Extensions */,
			);
			name = "Embed App Extensions";
			runOnlyForDeploymentPostprocessing = 0;
		};
/* End PBXCopyFilesBuildPhase section */

/* Begin PBXFileReference section */
		2805FD9426F4BC820055BD6C /* StoreKit.framework */ = {isa = PBXFileReference; lastKnownFileType = wrapper.framework; name = StoreKit.framework; path = System/Library/Frameworks/StoreKit.framework; sourceTree = SDKROOT; };
		281FEB3126F395D900F115DE /* SKProduct.swift */ = {isa = PBXFileReference; lastKnownFileType = sourcecode.swift; path = SKProduct.swift; sourceTree = "<group>"; };
		281FEB3326F454B800F115DE /* SubscriptionPlansPage.swift */ = {isa = PBXFileReference; lastKnownFileType = sourcecode.swift; path = SubscriptionPlansPage.swift; sourceTree = "<group>"; };
		2823316A26C6B82B002EB4C2 /* SettingsViewController.swift */ = {isa = PBXFileReference; lastKnownFileType = sourcecode.swift; path = SettingsViewController.swift; sourceTree = "<group>"; };
		2823316E26C6C4F0002EB4C2 /* PresetViewController.swift */ = {isa = PBXFileReference; lastKnownFileType = sourcecode.swift; path = PresetViewController.swift; sourceTree = "<group>"; };
		2823317126C6DAE0002EB4C2 /* PresetImageCollectionViewCell.swift */ = {isa = PBXFileReference; lastKnownFileType = sourcecode.swift; path = PresetImageCollectionViewCell.swift; sourceTree = "<group>"; };
		2823317226C6DAE0002EB4C2 /* PresetImageCollectionViewCell.xib */ = {isa = PBXFileReference; lastKnownFileType = file.xib; path = PresetImageCollectionViewCell.xib; sourceTree = "<group>"; };
		2847BA6B273D6C8C00866B6C /* UINotification.swift */ = {isa = PBXFileReference; lastKnownFileType = sourcecode.swift; path = UINotification.swift; sourceTree = "<group>"; };
		285452EA26C562AE0097B9B2 /* Constants.swift */ = {isa = PBXFileReference; lastKnownFileType = sourcecode.swift; path = Constants.swift; sourceTree = "<group>"; };
		285452EF26C5643B0097B9B2 /* GradientButton.swift */ = {isa = PBXFileReference; lastKnownFileType = sourcecode.swift; path = GradientButton.swift; sourceTree = "<group>"; };
		285452F226C5722B0097B9B2 /* PopupViewController.swift */ = {isa = PBXFileReference; lastKnownFileType = sourcecode.swift; path = PopupViewController.swift; sourceTree = "<group>"; };
		285452F426C572440097B9B2 /* DefaultPopupViewController.swift */ = {isa = PBXFileReference; lastKnownFileType = sourcecode.swift; path = DefaultPopupViewController.swift; sourceTree = "<group>"; };
		285452F626C577B00097B9B2 /* PopupBackgroundView.swift */ = {isa = PBXFileReference; lastKnownFileType = sourcecode.swift; path = PopupBackgroundView.swift; sourceTree = "<group>"; };
		2860EB4F26F34C610016EB5B /* Configuration.storekit */ = {isa = PBXFileReference; lastKnownFileType = text; path = Configuration.storekit; sourceTree = "<group>"; };
		2868AF1C26CFD068007FA1A5 /* presets.json */ = {isa = PBXFileReference; fileEncoding = 4; lastKnownFileType = text.json; path = presets.json; sourceTree = "<group>"; };
		2868AF1F26CFD456007FA1A5 /* Preset.swift */ = {isa = PBXFileReference; lastKnownFileType = sourcecode.swift; path = Preset.swift; sourceTree = "<group>"; };
		2868AF2326CFE6C3007FA1A5 /* State.swift */ = {isa = PBXFileReference; lastKnownFileType = sourcecode.swift; path = State.swift; sourceTree = "<group>"; };
		2868AF2526CFE6CF007FA1A5 /* Language.swift */ = {isa = PBXFileReference; lastKnownFileType = sourcecode.swift; path = Language.swift; sourceTree = "<group>"; };
		287D9A1826FB73E2009CC19F /* StoreManager.swift */ = {isa = PBXFileReference; lastKnownFileType = sourcecode.swift; path = StoreManager.swift; sourceTree = "<group>"; };
		28837EDB27968FB5009D144B /* SaleOfferViewController.swift */ = {isa = PBXFileReference; lastKnownFileType = sourcecode.swift; path = SaleOfferViewController.swift; sourceTree = "<group>"; };
		28837EDD2796AADD009D144B /* SaleSubscriptionPage.swift */ = {isa = PBXFileReference; lastKnownFileType = sourcecode.swift; path = SaleSubscriptionPage.swift; sourceTree = "<group>"; };
		28837EDF2796BF47009D144B /* String.swift */ = {isa = PBXFileReference; lastKnownFileType = sourcecode.swift; path = String.swift; sourceTree = "<group>"; };
		28837EE12796CDA2009D144B /* pt */ = {isa = PBXFileReference; lastKnownFileType = text.plist.strings; name = pt; path = pt.lproj/InfoPlist.strings; sourceTree = "<group>"; };
		28837EE22796CDA2009D144B /* pt */ = {isa = PBXFileReference; lastKnownFileType = text.plist.strings; name = pt; path = pt.lproj/Localizable.strings; sourceTree = "<group>"; };
		28940B0826EBCEE30025944D /* RemoteConfig.swift */ = {isa = PBXFileReference; lastKnownFileType = sourcecode.swift; path = RemoteConfig.swift; sourceTree = "<group>"; };
		28940B0B26EC704F0025944D /* OrganicSubscriptionPage.swift */ = {isa = PBXFileReference; lastKnownFileType = sourcecode.swift; path = OrganicSubscriptionPage.swift; sourceTree = "<group>"; };
		28AB3A9826C4EC2800201D37 /* RedGradientButton.swift */ = {isa = PBXFileReference; lastKnownFileType = sourcecode.swift; path = RedGradientButton.swift; sourceTree = "<group>"; };
		28AB3A9C26C5594900201D37 /* Util.swift */ = {isa = PBXFileReference; lastKnownFileType = sourcecode.swift; path = Util.swift; sourceTree = "<group>"; };
		28B13DEC278D517700C84BBC /* grid-nude.jpg */ = {isa = PBXFileReference; lastKnownFileType = image.jpeg; path = "grid-nude.jpg"; sourceTree = "<group>"; };
		28B13DEE278D517700C84BBC /* grid-cappuccino.jpg */ = {isa = PBXFileReference; lastKnownFileType = image.jpeg; path = "grid-cappuccino.jpg"; sourceTree = "<group>"; };
		28B13DF0278D517700C84BBC /* grid-chocolate.jpg */ = {isa = PBXFileReference; lastKnownFileType = image.jpeg; path = "grid-chocolate.jpg"; sourceTree = "<group>"; };
		28B13DF2278D517700C84BBC /* grid-color-autumn.jpg */ = {isa = PBXFileReference; lastKnownFileType = image.jpeg; path = "grid-color-autumn.jpg"; sourceTree = "<group>"; };
		28B13DF4278D517700C84BBC /* grid-muted.jpg */ = {isa = PBXFileReference; lastKnownFileType = image.jpeg; path = "grid-muted.jpg"; sourceTree = "<group>"; };
		28B13DF6278D517700C84BBC /* grid-male.jpg */ = {isa = PBXFileReference; lastKnownFileType = image.jpeg; path = "grid-male.jpg"; sourceTree = "<group>"; };
		28B13DF8278D517700C84BBC /* grid-blue-dusk.jpg */ = {isa = PBXFileReference; lastKnownFileType = image.jpeg; path = "grid-blue-dusk.jpg"; sourceTree = "<group>"; };
		28B13DFA278D517700C84BBC /* grid-christmas.jpg */ = {isa = PBXFileReference; lastKnownFileType = image.jpeg; path = "grid-christmas.jpg"; sourceTree = "<group>"; };
		28B72A8726F5D9A2002E2A22 /* GoogleService-Info.plist */ = {isa = PBXFileReference; fileEncoding = 4; lastKnownFileType = text.plist.xml; path = "GoogleService-Info.plist"; sourceTree = "<group>"; };
		28C3E62C26EB3725001C2985 /* OneSignalNotificationServiceExtension.appex */ = {isa = PBXFileReference; explicitFileType = "wrapper.app-extension"; includeInIndex = 0; path = OneSignalNotificationServiceExtension.appex; sourceTree = BUILT_PRODUCTS_DIR; };
		28C3E62E26EB3725001C2985 /* NotificationService.swift */ = {isa = PBXFileReference; lastKnownFileType = sourcecode.swift; path = NotificationService.swift; sourceTree = "<group>"; };
		28C3E63026EB3725001C2985 /* Info.plist */ = {isa = PBXFileReference; lastKnownFileType = text.plist.xml; path = Info.plist; sourceTree = "<group>"; };
		28C3E63826EB3848001C2985 /* Presets.entitlements */ = {isa = PBXFileReference; lastKnownFileType = text.plist.entitlements; path = Presets.entitlements; sourceTree = "<group>"; };
		28D84513273988E1006C0F17 /* ProdinfireManager.swift */ = {isa = PBXFileReference; lastKnownFileType = sourcecode.swift; path = ProdinfireManager.swift; sourceTree = "<group>"; };
		28D84517273A8237006C0F17 /* grid-nordic.jpeg */ = {isa = PBXFileReference; lastKnownFileType = image.jpeg; path = "grid-nordic.jpeg"; sourceTree = "<group>"; };
		28D84519273A8237006C0F17 /* grid-blvck.jpeg */ = {isa = PBXFileReference; lastKnownFileType = image.jpeg; path = "grid-blvck.jpeg"; sourceTree = "<group>"; };
		28D8451B273A8237006C0F17 /* grid-night-bar.jpeg */ = {isa = PBXFileReference; lastKnownFileType = image.jpeg; path = "grid-night-bar.jpeg"; sourceTree = "<group>"; };
		28D8451D273A8237006C0F17 /* grid-paradise.jpeg */ = {isa = PBXFileReference; lastKnownFileType = image.jpeg; path = "grid-paradise.jpeg"; sourceTree = "<group>"; };
		28D8451F273A8237006C0F17 /* grid-rich-black.jpeg */ = {isa = PBXFileReference; lastKnownFileType = image.jpeg; path = "grid-rich-black.jpeg"; sourceTree = "<group>"; };
		28D84521273A8237006C0F17 /* grid-earthy-tones.jpeg */ = {isa = PBXFileReference; lastKnownFileType = image.jpeg; path = "grid-earthy-tones.jpeg"; sourceTree = "<group>"; };
		28D84523273A8237006C0F17 /* grid-boho.jpeg */ = {isa = PBXFileReference; lastKnownFileType = image.jpeg; path = "grid-boho.jpeg"; sourceTree = "<group>"; };
		28D84525273A8237006C0F17 /* grid-true-black.jpeg */ = {isa = PBXFileReference; lastKnownFileType = image.jpeg; path = "grid-true-black.jpeg"; sourceTree = "<group>"; };
		28D84527273A8237006C0F17 /* grid-dark-moody.jpg */ = {isa = PBXFileReference; lastKnownFileType = image.jpeg; path = "grid-dark-moody.jpg"; sourceTree = "<group>"; };
		28D84529273A8237006C0F17 /* grid-dark-orange.jpeg */ = {isa = PBXFileReference; lastKnownFileType = image.jpeg; path = "grid-dark-orange.jpeg"; sourceTree = "<group>"; };
		28D8452B273A8237006C0F17 /* grid-nature.jpeg */ = {isa = PBXFileReference; lastKnownFileType = image.jpeg; path = "grid-nature.jpeg"; sourceTree = "<group>"; };
		28D8452D273A8237006C0F17 /* grid-amber.jpeg */ = {isa = PBXFileReference; lastKnownFileType = image.jpeg; path = "grid-amber.jpeg"; sourceTree = "<group>"; };
		28D8452F273A8237006C0F17 /* grid-boho-wedding.jpeg */ = {isa = PBXFileReference; lastKnownFileType = image.jpeg; path = "grid-boho-wedding.jpeg"; sourceTree = "<group>"; };
		28D84531273A8237006C0F17 /* grid-coffee.jpeg */ = {isa = PBXFileReference; lastKnownFileType = image.jpeg; path = "grid-coffee.jpeg"; sourceTree = "<group>"; };
		28D84533273A8237006C0F17 /* grid-minimal-style.jpeg */ = {isa = PBXFileReference; lastKnownFileType = image.jpeg; path = "grid-minimal-style.jpeg"; sourceTree = "<group>"; };
		28D84535273A8237006C0F17 /* grid-vintage-film.jpeg */ = {isa = PBXFileReference; lastKnownFileType = image.jpeg; path = "grid-vintage-film.jpeg"; sourceTree = "<group>"; };
		28D84537273A8237006C0F17 /* grid-summer.jpeg */ = {isa = PBXFileReference; lastKnownFileType = image.jpeg; path = "grid-summer.jpeg"; sourceTree = "<group>"; };
		28D84539273A8237006C0F17 /* grid-cream-white.jpeg */ = {isa = PBXFileReference; lastKnownFileType = image.jpeg; path = "grid-cream-white.jpeg"; sourceTree = "<group>"; };
		28D8453B273A8237006C0F17 /* grid-moody-blue.jpeg */ = {isa = PBXFileReference; lastKnownFileType = image.jpeg; path = "grid-moody-blue.jpeg"; sourceTree = "<group>"; };
		28DEEB3F2736635600006A75 /* StoreKitTestCertificate.cer */ = {isa = PBXFileReference; lastKnownFileType = file; path = StoreKitTestCertificate.cer; sourceTree = "<group>"; };
		28DEEB412736652A00006A75 /* StorageManager.swift */ = {isa = PBXFileReference; lastKnownFileType = sourcecode.swift; path = StorageManager.swift; sourceTree = "<group>"; };
		28DEEB432736F05200006A75 /* UIImageView.swift */ = {isa = PBXFileReference; lastKnownFileType = sourcecode.swift; path = UIImageView.swift; sourceTree = "<group>"; };
		28DEEB452737055100006A75 /* GoogleService-Info (RELEASE).plist */ = {isa = PBXFileReference; fileEncoding = 4; lastKnownFileType = text.plist.xml; path = "GoogleService-Info (RELEASE).plist"; sourceTree = "<group>"; };
		28DEEB4727372F9700006A75 /* PresetsCollectionViewCell.swift */ = {isa = PBXFileReference; lastKnownFileType = sourcecode.swift; path = PresetsCollectionViewCell.swift; sourceTree = "<group>"; };
		28DEEB4827372F9700006A75 /* PresetsCollectionViewCell.xib */ = {isa = PBXFileReference; lastKnownFileType = file.xib; path = PresetsCollectionViewCell.xib; sourceTree = "<group>"; };
		28F1330926CA74FB00DB7142 /* Controllers+Cells.swift */ = {isa = PBXFileReference; lastKnownFileType = sourcecode.swift; path = "Controllers+Cells.swift"; sourceTree = "<group>"; };
		28F1330B26CA763F00DB7142 /* Images.swift */ = {isa = PBXFileReference; lastKnownFileType = sourcecode.swift; path = Images.swift; sourceTree = "<group>"; };
		28F1330E26CA7BB500DB7142 /* UIView.swift */ = {isa = PBXFileReference; lastKnownFileType = sourcecode.swift; path = UIView.swift; sourceTree = "<group>"; };
		28F1331026CA7BE000DB7142 /* UIViewController.swift */ = {isa = PBXFileReference; lastKnownFileType = sourcecode.swift; path = UIViewController.swift; sourceTree = "<group>"; };
		28F1331226CA7BFF00DB7142 /* UILabel.swift */ = {isa = PBXFileReference; lastKnownFileType = sourcecode.swift; path = UILabel.swift; sourceTree = "<group>"; };
		28F1331726CA7F9900DB7142 /* UITableView.swift */ = {isa = PBXFileReference; lastKnownFileType = sourcecode.swift; path = UITableView.swift; sourceTree = "<group>"; };
		28F1331926CA801500DB7142 /* UICollectionView.swift */ = {isa = PBXFileReference; lastKnownFileType = sourcecode.swift; path = UICollectionView.swift; sourceTree = "<group>"; };
		28F1331B26CA80F000DB7142 /* UIButton.swift */ = {isa = PBXFileReference; lastKnownFileType = sourcecode.swift; path = UIButton.swift; sourceTree = "<group>"; };
		28F1333B26CA8FA800DB7142 /* en */ = {isa = PBXFileReference; lastKnownFileType = text.plist.strings; name = en; path = en.lproj/Localizable.strings; sourceTree = "<group>"; };
		28F1333D26CA8FAB00DB7142 /* ar */ = {isa = PBXFileReference; lastKnownFileType = text.plist.strings; name = ar; path = ar.lproj/Localizable.strings; sourceTree = "<group>"; };
		28F1333E26CA8FAB00DB7142 /* fr */ = {isa = PBXFileReference; lastKnownFileType = text.plist.strings; name = fr; path = fr.lproj/Localizable.strings; sourceTree = "<group>"; };
		28F1333F26CA8FAC00DB7142 /* de */ = {isa = PBXFileReference; lastKnownFileType = text.plist.strings; name = de; path = de.lproj/Localizable.strings; sourceTree = "<group>"; };
		28F1334026CA8FAC00DB7142 /* id */ = {isa = PBXFileReference; lastKnownFileType = text.plist.strings; name = id; path = id.lproj/Localizable.strings; sourceTree = "<group>"; };
		28F1334126CA8FAD00DB7142 /* it */ = {isa = PBXFileReference; lastKnownFileType = text.plist.strings; name = it; path = it.lproj/Localizable.strings; sourceTree = "<group>"; };
		28F1334226CA8FAE00DB7142 /* ja */ = {isa = PBXFileReference; lastKnownFileType = text.plist.strings; name = ja; path = ja.lproj/Localizable.strings; sourceTree = "<group>"; };
		28F1334426CA8FB300DB7142 /* ru */ = {isa = PBXFileReference; lastKnownFileType = text.plist.strings; name = ru; path = ru.lproj/Localizable.strings; sourceTree = "<group>"; };
		28F1334526CA8FB400DB7142 /* es */ = {isa = PBXFileReference; lastKnownFileType = text.plist.strings; name = es; path = es.lproj/Localizable.strings; sourceTree = "<group>"; };
		28F1334626CA8FB500DB7142 /* th */ = {isa = PBXFileReference; lastKnownFileType = text.plist.strings; name = th; path = th.lproj/Localizable.strings; sourceTree = "<group>"; };
		28F1334726CA8FB600DB7142 /* tr */ = {isa = PBXFileReference; lastKnownFileType = text.plist.strings; name = tr; path = tr.lproj/Localizable.strings; sourceTree = "<group>"; };
		28F1334826CA8FB700DB7142 /* vi */ = {isa = PBXFileReference; lastKnownFileType = text.plist.strings; name = vi; path = vi.lproj/Localizable.strings; sourceTree = "<group>"; };
		28F1335926CA90A200DB7142 /* en */ = {isa = PBXFileReference; lastKnownFileType = text.plist.strings; name = en; path = en.lproj/InfoPlist.strings; sourceTree = "<group>"; };
		28F1335B26CA90A300DB7142 /* ar */ = {isa = PBXFileReference; lastKnownFileType = text.plist.strings; name = ar; path = ar.lproj/InfoPlist.strings; sourceTree = "<group>"; };
		28F1335C26CA90A400DB7142 /* fr */ = {isa = PBXFileReference; lastKnownFileType = text.plist.strings; name = fr; path = fr.lproj/InfoPlist.strings; sourceTree = "<group>"; };
		28F1335D26CA90A500DB7142 /* de */ = {isa = PBXFileReference; lastKnownFileType = text.plist.strings; name = de; path = de.lproj/InfoPlist.strings; sourceTree = "<group>"; };
		28F1335E26CA90A600DB7142 /* it */ = {isa = PBXFileReference; lastKnownFileType = text.plist.strings; name = it; path = it.lproj/InfoPlist.strings; sourceTree = "<group>"; };
		28F1335F26CA90A600DB7142 /* id */ = {isa = PBXFileReference; lastKnownFileType = text.plist.strings; name = id; path = id.lproj/InfoPlist.strings; sourceTree = "<group>"; };
		28F1336026CA90AF00DB7142 /* ja */ = {isa = PBXFileReference; lastKnownFileType = text.plist.strings; name = ja; path = ja.lproj/InfoPlist.strings; sourceTree = "<group>"; };
		28F1336226CA90B100DB7142 /* ru */ = {isa = PBXFileReference; lastKnownFileType = text.plist.strings; name = ru; path = ru.lproj/InfoPlist.strings; sourceTree = "<group>"; };
		28F1336326CA90B200DB7142 /* es */ = {isa = PBXFileReference; lastKnownFileType = text.plist.strings; name = es; path = es.lproj/InfoPlist.strings; sourceTree = "<group>"; };
		28F1336426CA90B200DB7142 /* th */ = {isa = PBXFileReference; lastKnownFileType = text.plist.strings; name = th; path = th.lproj/InfoPlist.strings; sourceTree = "<group>"; };
		28F1336526CA90B300DB7142 /* tr */ = {isa = PBXFileReference; lastKnownFileType = text.plist.strings; name = tr; path = tr.lproj/InfoPlist.strings; sourceTree = "<group>"; };
		28F1336626CA90B400DB7142 /* vi */ = {isa = PBXFileReference; lastKnownFileType = text.plist.strings; name = vi; path = vi.lproj/InfoPlist.strings; sourceTree = "<group>"; };
		28F1337026CA9F7E00DB7142 /* swiftgen.yml */ = {isa = PBXFileReference; lastKnownFileType = text.yaml; path = swiftgen.yml; sourceTree = "<group>"; };
		28F1337226CAA0D100DB7142 /* GeneratedStrings.swift */ = {isa = PBXFileReference; fileEncoding = 4; lastKnownFileType = sourcecode.swift; path = GeneratedStrings.swift; sourceTree = "<group>"; };
		2EE3B9B2BDF87FB0FF81707E /* Pods-Presets.debug.xcconfig */ = {isa = PBXFileReference; includeInIndex = 1; lastKnownFileType = text.xcconfig; name = "Pods-Presets.debug.xcconfig"; path = "Target Support Files/Pods-Presets/Pods-Presets.debug.xcconfig"; sourceTree = "<group>"; };
		4A02E90726C542FA00E3FCF0 /* SubscriptionViewController.swift */ = {isa = PBXFileReference; lastKnownFileType = sourcecode.swift; path = SubscriptionViewController.swift; sourceTree = "<group>"; };
		4A266A6626C6D5B300318A8D /* SettingsPopupViewController.swift */ = {isa = PBXFileReference; lastKnownFileType = sourcecode.swift; path = SettingsPopupViewController.swift; sourceTree = "<group>"; };
		4A27D3A026C69CCC00A4D069 /* PresetTableViewCell.xib */ = {isa = PBXFileReference; fileEncoding = 4; lastKnownFileType = file.xib; path = PresetTableViewCell.xib; sourceTree = "<group>"; };
		4A46A56826C5A9AD005EBD85 /* SubscriptionPlansViewController.swift */ = {isa = PBXFileReference; lastKnownFileType = sourcecode.swift; path = SubscriptionPlansViewController.swift; sourceTree = "<group>"; };
		4A46A56D26C5D701005EBD85 /* MainViewController.swift */ = {isa = PBXFileReference; lastKnownFileType = sourcecode.swift; path = MainViewController.swift; sourceTree = "<group>"; };
		4A46A56F26C5DEFE005EBD85 /* CategoryCollectionViewCell.swift */ = {isa = PBXFileReference; lastKnownFileType = sourcecode.swift; path = CategoryCollectionViewCell.swift; sourceTree = "<group>"; };
		4A46A57026C5DEFE005EBD85 /* CategoryCollectionViewCell.xib */ = {isa = PBXFileReference; lastKnownFileType = file.xib; path = CategoryCollectionViewCell.xib; sourceTree = "<group>"; };
		4A46A57726C6757D005EBD85 /* PresetTableViewCell.swift */ = {isa = PBXFileReference; lastKnownFileType = sourcecode.swift; path = PresetTableViewCell.swift; sourceTree = "<group>"; };
		4A553F4726C41F97001150D2 /* Presets.app */ = {isa = PBXFileReference; explicitFileType = wrapper.application; includeInIndex = 0; path = Presets.app; sourceTree = BUILT_PRODUCTS_DIR; };
		4A553F4A26C41F97001150D2 /* AppDelegate.swift */ = {isa = PBXFileReference; lastKnownFileType = sourcecode.swift; path = AppDelegate.swift; sourceTree = "<group>"; };
		4A553F4C26C41F97001150D2 /* SceneDelegate.swift */ = {isa = PBXFileReference; lastKnownFileType = sourcecode.swift; path = SceneDelegate.swift; sourceTree = "<group>"; };
		4A553F5126C41F97001150D2 /* Base */ = {isa = PBXFileReference; lastKnownFileType = file.storyboard; name = Base; path = Base.lproj/Main.storyboard; sourceTree = "<group>"; };
		4A553F5326C41F98001150D2 /* Assets.xcassets */ = {isa = PBXFileReference; lastKnownFileType = folder.assetcatalog; path = Assets.xcassets; sourceTree = "<group>"; };
		4A553F5626C41F98001150D2 /* Base */ = {isa = PBXFileReference; lastKnownFileType = file.storyboard; name = Base; path = Base.lproj/LaunchScreen.storyboard; sourceTree = "<group>"; };
		4A553F5826C41F98001150D2 /* Info.plist */ = {isa = PBXFileReference; lastKnownFileType = text.plist.xml; path = Info.plist; sourceTree = "<group>"; };
		4A5A2C6726C4798F00F78C2F /* Rubik-Bold.ttf */ = {isa = PBXFileReference; lastKnownFileType = file; path = "Rubik-Bold.ttf"; sourceTree = "<group>"; };
		4A5A2C6926C4799E00F78C2F /* Rubik-Regular.ttf */ = {isa = PBXFileReference; lastKnownFileType = file; path = "Rubik-Regular.ttf"; sourceTree = "<group>"; };
		4A5A2C6B26C479AA00F78C2F /* Rubik-Medium.ttf */ = {isa = PBXFileReference; lastKnownFileType = file; path = "Rubik-Medium.ttf"; sourceTree = "<group>"; };
		4A5A2C6D26C47BF900F78C2F /* EuclidCircularA-Bold.ttf */ = {isa = PBXFileReference; lastKnownFileType = file; path = "EuclidCircularA-Bold.ttf"; sourceTree = "<group>"; };
		4A5A2C6F26C47C1D00F78C2F /* EuclidCircularA-Medium.ttf */ = {isa = PBXFileReference; lastKnownFileType = file; path = "EuclidCircularA-Medium.ttf"; sourceTree = "<group>"; };
		4A5A2C7126C47C3000F78C2F /* EuclidCircularA-Regular.ttf */ = {isa = PBXFileReference; lastKnownFileType = file; path = "EuclidCircularA-Regular.ttf"; sourceTree = "<group>"; };
		4A5A2C7326C47C4A00F78C2F /* EuclidCircularA-SemiBold.ttf */ = {isa = PBXFileReference; lastKnownFileType = file; path = "EuclidCircularA-SemiBold.ttf"; sourceTree = "<group>"; };
		4A5A2C7526C4858600F78C2F /* OnboardingViewController.swift */ = {isa = PBXFileReference; lastKnownFileType = sourcecode.swift; path = OnboardingViewController.swift; sourceTree = "<group>"; };
		4A5A2C7726C4877B00F78C2F /* BaseViewController.swift */ = {isa = PBXFileReference; lastKnownFileType = sourcecode.swift; path = BaseViewController.swift; sourceTree = "<group>"; };
		4A5A2C7C26C4880C00F78C2F /* UITextView.swift */ = {isa = PBXFileReference; lastKnownFileType = sourcecode.swift; path = UITextView.swift; sourceTree = "<group>"; };
		4A5AE4D926C811EA009DC242 /* PagingCollectionViewLayout.swift */ = {isa = PBXFileReference; lastKnownFileType = sourcecode.swift; path = PagingCollectionViewLayout.swift; sourceTree = "<group>"; };
		4A610F9D26C48BC800D1CCC0 /* BlueGradientButton.swift */ = {isa = PBXFileReference; lastKnownFileType = sourcecode.swift; path = BlueGradientButton.swift; sourceTree = "<group>"; };
		4A800E772732DD5E004C1DB9 /* SettingsNavigationController.swift */ = {isa = PBXFileReference; lastKnownFileType = sourcecode.swift; path = SettingsNavigationController.swift; sourceTree = "<group>"; };
		4A93F3AA26C6847A0075D01D /* UserPresetsViewController.swift */ = {isa = PBXFileReference; lastKnownFileType = sourcecode.swift; path = UserPresetsViewController.swift; sourceTree = "<group>"; };
		4AC3A86126C6E86200B1340A /* ManualViewController.swift */ = {isa = PBXFileReference; lastKnownFileType = sourcecode.swift; path = ManualViewController.swift; sourceTree = "<group>"; };
		4AE7C3C827986A7E00E0B5DE /* SubscriptionFirstViewController.swift */ = {isa = PBXFileReference; lastKnownFileType = sourcecode.swift; path = SubscriptionFirstViewController.swift; sourceTree = "<group>"; };
		4AE7C3CA279870A200E0B5DE /* SubscriptionSecondViewController.swift */ = {isa = PBXFileReference; lastKnownFileType = sourcecode.swift; path = SubscriptionSecondViewController.swift; sourceTree = "<group>"; };
		4AE7C3CC2798851800E0B5DE /* SubscriptionThirdViewController.swift */ = {isa = PBXFileReference; lastKnownFileType = sourcecode.swift; path = SubscriptionThirdViewController.swift; sourceTree = "<group>"; };
		4AF7612E26DD11D30060D705 /* UINavigationController.swift */ = {isa = PBXFileReference; lastKnownFileType = sourcecode.swift; path = UINavigationController.swift; sourceTree = "<group>"; };
		4AF7613026DD58CD0060D705 /* tutorial.mov */ = {isa = PBXFileReference; lastKnownFileType = video.quicktime; path = tutorial.mov; sourceTree = "<group>"; };
		AD399EBA781F3BEB6ED23199 /* Pods-Presets.release.xcconfig */ = {isa = PBXFileReference; includeInIndex = 1; lastKnownFileType = text.xcconfig; name = "Pods-Presets.release.xcconfig"; path = "Target Support Files/Pods-Presets/Pods-Presets.release.xcconfig"; sourceTree = "<group>"; };
		B4E218188AD856AE95660E43 /* Pods-OneSignalNotificationServiceExtension.release.xcconfig */ = {isa = PBXFileReference; includeInIndex = 1; lastKnownFileType = text.xcconfig; name = "Pods-OneSignalNotificationServiceExtension.release.xcconfig"; path = "Target Support Files/Pods-OneSignalNotificationServiceExtension/Pods-OneSignalNotificationServiceExtension.release.xcconfig"; sourceTree = "<group>"; };
		C47D460AA706E2E6FE11C8DF /* Pods_Presets.framework */ = {isa = PBXFileReference; explicitFileType = wrapper.framework; includeInIndex = 0; path = Pods_Presets.framework; sourceTree = BUILT_PRODUCTS_DIR; };
		C65672EBE3C48A688A338754 /* Pods-OneSignalNotificationServiceExtension.debug.xcconfig */ = {isa = PBXFileReference; includeInIndex = 1; lastKnownFileType = text.xcconfig; name = "Pods-OneSignalNotificationServiceExtension.debug.xcconfig"; path = "Target Support Files/Pods-OneSignalNotificationServiceExtension/Pods-OneSignalNotificationServiceExtension.debug.xcconfig"; sourceTree = "<group>"; };
		EEB551C3082F3874FB4BA80C /* Pods_OneSignalNotificationServiceExtension.framework */ = {isa = PBXFileReference; explicitFileType = wrapper.framework; includeInIndex = 0; path = Pods_OneSignalNotificationServiceExtension.framework; sourceTree = BUILT_PRODUCTS_DIR; };
/* End PBXFileReference section */

/* Begin PBXFrameworksBuildPhase section */
		28C3E62926EB3725001C2985 /* Frameworks */ = {
			isa = PBXFrameworksBuildPhase;
			buildActionMask = 2147483647;
			files = (
				D71188DE1FA627B4D9F700BE /* Pods_OneSignalNotificationServiceExtension.framework in Frameworks */,
			);
			runOnlyForDeploymentPostprocessing = 0;
		};
		4A553F4426C41F96001150D2 /* Frameworks */ = {
			isa = PBXFrameworksBuildPhase;
			buildActionMask = 2147483647;
			files = (
				2805FD9526F4BC820055BD6C /* StoreKit.framework in Frameworks */,
				5A32A7601FA57682FB7F2F9C /* Pods_Presets.framework in Frameworks */,
			);
			runOnlyForDeploymentPostprocessing = 0;
		};
/* End PBXFrameworksBuildPhase section */

/* Begin PBXGroup section */
		0D55D6E91F86B22D1C1A4A2F /* Pods */ = {
			isa = PBXGroup;
			children = (
				C65672EBE3C48A688A338754 /* Pods-OneSignalNotificationServiceExtension.debug.xcconfig */,
				B4E218188AD856AE95660E43 /* Pods-OneSignalNotificationServiceExtension.release.xcconfig */,
				2EE3B9B2BDF87FB0FF81707E /* Pods-Presets.debug.xcconfig */,
				AD399EBA781F3BEB6ED23199 /* Pods-Presets.release.xcconfig */,
			);
			path = Pods;
			sourceTree = "<group>";
		};
		2823317026C6DAB9002EB4C2 /* PresetImage */ = {
			isa = PBXGroup;
			children = (
				2823317126C6DAE0002EB4C2 /* PresetImageCollectionViewCell.swift */,
				2823317226C6DAE0002EB4C2 /* PresetImageCollectionViewCell.xib */,
			);
			path = PresetImage;
			sourceTree = "<group>";
		};
		285452F126C572050097B9B2 /* Popups */ = {
			isa = PBXGroup;
			children = (
				285452F226C5722B0097B9B2 /* PopupViewController.swift */,
				285452F426C572440097B9B2 /* DefaultPopupViewController.swift */,
				4A266A6626C6D5B300318A8D /* SettingsPopupViewController.swift */,
			);
			path = Popups;
			sourceTree = "<group>";
		};
		2868AF1926CFD04A007FA1A5 /* Resources */ = {
			isa = PBXGroup;
			children = (
				4AF7613026DD58CD0060D705 /* tutorial.mov */,
				2868AF1C26CFD068007FA1A5 /* presets.json */,
				28D84515273A8237006C0F17 /* Presets */,
			);
			path = Resources;
			sourceTree = "<group>";
		};
		2868AF1E26CFD3F8007FA1A5 /* Model */ = {
			isa = PBXGroup;
			children = (
				28940B0A26EC70250025944D /* Remote Config */,
				2868AF1F26CFD456007FA1A5 /* Preset.swift */,
				2868AF2326CFE6C3007FA1A5 /* State.swift */,
				2868AF2526CFE6CF007FA1A5 /* Language.swift */,
				287D9A1826FB73E2009CC19F /* StoreManager.swift */,
				28DEEB412736652A00006A75 /* StorageManager.swift */,
				28D84513273988E1006C0F17 /* ProdinfireManager.swift */,
			);
			path = Model;
			sourceTree = "<group>";
		};
		28940B0A26EC70250025944D /* Remote Config */ = {
			isa = PBXGroup;
			children = (
				28940B0826EBCEE30025944D /* RemoteConfig.swift */,
				28940B0B26EC704F0025944D /* OrganicSubscriptionPage.swift */,
				281FEB3326F454B800F115DE /* SubscriptionPlansPage.swift */,
				28837EDD2796AADD009D144B /* SaleSubscriptionPage.swift */,
			);
			path = "Remote Config";
			sourceTree = "<group>";
		};
		28B13DEB278D517700C84BBC /* Nude */ = {
			isa = PBXGroup;
			children = (
				28B13DEC278D517700C84BBC /* grid-nude.jpg */,
			);
			path = Nude;
			sourceTree = "<group>";
		};
		28B13DED278D517700C84BBC /* Сappuccino */ = {
			isa = PBXGroup;
			children = (
				28B13DEE278D517700C84BBC /* grid-cappuccino.jpg */,
			);
			path = "Сappuccino";
			sourceTree = "<group>";
		};
		28B13DEF278D517700C84BBC /* Chocolate */ = {
			isa = PBXGroup;
			children = (
				28B13DF0278D517700C84BBC /* grid-chocolate.jpg */,
			);
			path = Chocolate;
			sourceTree = "<group>";
		};
		28B13DF1278D517700C84BBC /* Color Autumn */ = {
			isa = PBXGroup;
			children = (
				28B13DF2278D517700C84BBC /* grid-color-autumn.jpg */,
			);
			path = "Color Autumn";
			sourceTree = "<group>";
		};
		28B13DF3278D517700C84BBC /* Muted */ = {
			isa = PBXGroup;
			children = (
				28B13DF4278D517700C84BBC /* grid-muted.jpg */,
			);
			path = Muted;
			sourceTree = "<group>";
		};
		28B13DF5278D517700C84BBC /* Male */ = {
			isa = PBXGroup;
			children = (
				28B13DF6278D517700C84BBC /* grid-male.jpg */,
			);
			path = Male;
			sourceTree = "<group>";
		};
		28B13DF7278D517700C84BBC /* Blue Dusk */ = {
			isa = PBXGroup;
			children = (
				28B13DF8278D517700C84BBC /* grid-blue-dusk.jpg */,
			);
			path = "Blue Dusk";
			sourceTree = "<group>";
		};
		28B13DF9278D517700C84BBC /* Christmas */ = {
			isa = PBXGroup;
			children = (
				28B13DFA278D517700C84BBC /* grid-christmas.jpg */,
			);
			path = Christmas;
			sourceTree = "<group>";
		};
		28C3E62D26EB3725001C2985 /* OneSignalNotificationServiceExtension */ = {
			isa = PBXGroup;
			children = (
				28C3E62E26EB3725001C2985 /* NotificationService.swift */,
				28C3E63026EB3725001C2985 /* Info.plist */,
			);
			path = OneSignalNotificationServiceExtension;
			sourceTree = "<group>";
		};
		28D84515273A8237006C0F17 /* Presets */ = {
			isa = PBXGroup;
			children = (
				28B13DF7278D517700C84BBC /* Blue Dusk */,
				28B13DEF278D517700C84BBC /* Chocolate */,
				28B13DF9278D517700C84BBC /* Christmas */,
				28B13DF1278D517700C84BBC /* Color Autumn */,
				28B13DF5278D517700C84BBC /* Male */,
				28B13DF3278D517700C84BBC /* Muted */,
				28B13DEB278D517700C84BBC /* Nude */,
				28B13DED278D517700C84BBC /* Сappuccino */,
				28D84516273A8237006C0F17 /* Nordic */,
				28D84518273A8237006C0F17 /* BLVCK */,
				28D8451A273A8237006C0F17 /* Night Bar */,
				28D8451C273A8237006C0F17 /* Paradise */,
				28D8451E273A8237006C0F17 /* Rich Black */,
				28D84520273A8237006C0F17 /* Earthy Tones */,
				28D84522273A8237006C0F17 /* Boho */,
				28D84524273A8237006C0F17 /* True Black */,
				28D84526273A8237006C0F17 /* Dark Moody */,
				28D84528273A8237006C0F17 /* Dark Orange */,
				28D8452A273A8237006C0F17 /* Nature */,
				28D8452C273A8237006C0F17 /* Amber */,
				28D8452E273A8237006C0F17 /* Boho Wedding */,
				28D84530273A8237006C0F17 /* Coffee */,
				28D84532273A8237006C0F17 /* Minimal Style */,
				28D84534273A8237006C0F17 /* Vintage Film */,
				28D84536273A8237006C0F17 /* Summer */,
				28D84538273A8237006C0F17 /* Cream White */,
				28D8453A273A8237006C0F17 /* Moody Blue */,
			);
			path = Presets;
			sourceTree = "<group>";
		};
		28D84516273A8237006C0F17 /* Nordic */ = {
			isa = PBXGroup;
			children = (
				28D84517273A8237006C0F17 /* grid-nordic.jpeg */,
			);
			path = Nordic;
			sourceTree = "<group>";
		};
		28D84518273A8237006C0F17 /* BLVCK */ = {
			isa = PBXGroup;
			children = (
				28D84519273A8237006C0F17 /* grid-blvck.jpeg */,
			);
			path = BLVCK;
			sourceTree = "<group>";
		};
		28D8451A273A8237006C0F17 /* Night Bar */ = {
			isa = PBXGroup;
			children = (
				28D8451B273A8237006C0F17 /* grid-night-bar.jpeg */,
			);
			path = "Night Bar";
			sourceTree = "<group>";
		};
		28D8451C273A8237006C0F17 /* Paradise */ = {
			isa = PBXGroup;
			children = (
				28D8451D273A8237006C0F17 /* grid-paradise.jpeg */,
			);
			path = Paradise;
			sourceTree = "<group>";
		};
		28D8451E273A8237006C0F17 /* Rich Black */ = {
			isa = PBXGroup;
			children = (
				28D8451F273A8237006C0F17 /* grid-rich-black.jpeg */,
			);
			path = "Rich Black";
			sourceTree = "<group>";
		};
		28D84520273A8237006C0F17 /* Earthy Tones */ = {
			isa = PBXGroup;
			children = (
				28D84521273A8237006C0F17 /* grid-earthy-tones.jpeg */,
			);
			path = "Earthy Tones";
			sourceTree = "<group>";
		};
		28D84522273A8237006C0F17 /* Boho */ = {
			isa = PBXGroup;
			children = (
				28D84523273A8237006C0F17 /* grid-boho.jpeg */,
			);
			path = Boho;
			sourceTree = "<group>";
		};
		28D84524273A8237006C0F17 /* True Black */ = {
			isa = PBXGroup;
			children = (
				28D84525273A8237006C0F17 /* grid-true-black.jpeg */,
			);
			path = "True Black";
			sourceTree = "<group>";
		};
		28D84526273A8237006C0F17 /* Dark Moody */ = {
			isa = PBXGroup;
			children = (
				28D84527273A8237006C0F17 /* grid-dark-moody.jpg */,
			);
			path = "Dark Moody";
			sourceTree = "<group>";
		};
		28D84528273A8237006C0F17 /* Dark Orange */ = {
			isa = PBXGroup;
			children = (
				28D84529273A8237006C0F17 /* grid-dark-orange.jpeg */,
			);
			path = "Dark Orange";
			sourceTree = "<group>";
		};
		28D8452A273A8237006C0F17 /* Nature */ = {
			isa = PBXGroup;
			children = (
				28D8452B273A8237006C0F17 /* grid-nature.jpeg */,
			);
			path = Nature;
			sourceTree = "<group>";
		};
		28D8452C273A8237006C0F17 /* Amber */ = {
			isa = PBXGroup;
			children = (
				28D8452D273A8237006C0F17 /* grid-amber.jpeg */,
			);
			path = Amber;
			sourceTree = "<group>";
		};
		28D8452E273A8237006C0F17 /* Boho Wedding */ = {
			isa = PBXGroup;
			children = (
				28D8452F273A8237006C0F17 /* grid-boho-wedding.jpeg */,
			);
			path = "Boho Wedding";
			sourceTree = "<group>";
		};
		28D84530273A8237006C0F17 /* Coffee */ = {
			isa = PBXGroup;
			children = (
				28D84531273A8237006C0F17 /* grid-coffee.jpeg */,
			);
			path = Coffee;
			sourceTree = "<group>";
		};
		28D84532273A8237006C0F17 /* Minimal Style */ = {
			isa = PBXGroup;
			children = (
				28D84533273A8237006C0F17 /* grid-minimal-style.jpeg */,
			);
			path = "Minimal Style";
			sourceTree = "<group>";
		};
		28D84534273A8237006C0F17 /* Vintage Film */ = {
			isa = PBXGroup;
			children = (
				28D84535273A8237006C0F17 /* grid-vintage-film.jpeg */,
			);
			path = "Vintage Film";
			sourceTree = "<group>";
		};
		28D84536273A8237006C0F17 /* Summer */ = {
			isa = PBXGroup;
			children = (
				28D84537273A8237006C0F17 /* grid-summer.jpeg */,
			);
			path = Summer;
			sourceTree = "<group>";
		};
		28D84538273A8237006C0F17 /* Cream White */ = {
			isa = PBXGroup;
			children = (
				28D84539273A8237006C0F17 /* grid-cream-white.jpeg */,
			);
			path = "Cream White";
			sourceTree = "<group>";
		};
		28D8453A273A8237006C0F17 /* Moody Blue */ = {
			isa = PBXGroup;
			children = (
				28D8453B273A8237006C0F17 /* grid-moody-blue.jpeg */,
			);
			path = "Moody Blue";
			sourceTree = "<group>";
		};
		28F1330D26CA7BA500DB7142 /* Extensions */ = {
			isa = PBXGroup;
			children = (
				28F1331B26CA80F000DB7142 /* UIButton.swift */,
				28F1331926CA801500DB7142 /* UICollectionView.swift */,
				28F1331226CA7BFF00DB7142 /* UILabel.swift */,
				28F1331726CA7F9900DB7142 /* UITableView.swift */,
				4A5A2C7C26C4880C00F78C2F /* UITextView.swift */,
				28F1330E26CA7BB500DB7142 /* UIView.swift */,
				28F1331026CA7BE000DB7142 /* UIViewController.swift */,
				4AF7612E26DD11D30060D705 /* UINavigationController.swift */,
				281FEB3126F395D900F115DE /* SKProduct.swift */,
				28DEEB432736F05200006A75 /* UIImageView.swift */,
				2847BA6B273D6C8C00866B6C /* UINotification.swift */,
				28837EDF2796BF47009D144B /* String.swift */,
			);
			path = Extensions;
			sourceTree = "<group>";
		};
		28F1331426CA7D3E00DB7142 /* Euclid Circular A */ = {
			isa = PBXGroup;
			children = (
				4A5A2C6D26C47BF900F78C2F /* EuclidCircularA-Bold.ttf */,
				4A5A2C6F26C47C1D00F78C2F /* EuclidCircularA-Medium.ttf */,
				4A5A2C7126C47C3000F78C2F /* EuclidCircularA-Regular.ttf */,
				4A5A2C7326C47C4A00F78C2F /* EuclidCircularA-SemiBold.ttf */,
			);
			path = "Euclid Circular A";
			sourceTree = "<group>";
		};
		28F1331626CA7D4D00DB7142 /* Rubik */ = {
			isa = PBXGroup;
			children = (
				4A5A2C6726C4798F00F78C2F /* Rubik-Bold.ttf */,
				4A5A2C6B26C479AA00F78C2F /* Rubik-Medium.ttf */,
				4A5A2C6926C4799E00F78C2F /* Rubik-Regular.ttf */,
			);
			path = Rubik;
			sourceTree = "<group>";
		};
		28F1331F26CA8E6800DB7142 /* Localization */ = {
			isa = PBXGroup;
			children = (
				28F1337226CAA0D100DB7142 /* GeneratedStrings.swift */,
				28F1337026CA9F7E00DB7142 /* swiftgen.yml */,
				28F1335A26CA90A200DB7142 /* InfoPlist.strings */,
				28F1333C26CA8FA800DB7142 /* Localizable.strings */,
			);
			path = Localization;
			sourceTree = "<group>";
		};
		4A46A56A26C5D30E005EBD85 /* Subscriptions */ = {
			isa = PBXGroup;
			children = (
				28837EDB27968FB5009D144B /* SaleOfferViewController.swift */,
				4A02E90726C542FA00E3FCF0 /* SubscriptionViewController.swift */,
				4A46A56826C5A9AD005EBD85 /* SubscriptionPlansViewController.swift */,
				4AE7C3C827986A7E00E0B5DE /* SubscriptionFirstViewController.swift */,
				4AE7C3CA279870A200E0B5DE /* SubscriptionSecondViewController.swift */,
				4AE7C3CC2798851800E0B5DE /* SubscriptionThirdViewController.swift */,
			);
			path = Subscriptions;
			sourceTree = "<group>";
		};
		4A46A57326C67537005EBD85 /* Category */ = {
			isa = PBXGroup;
			children = (
				4A46A56F26C5DEFE005EBD85 /* CategoryCollectionViewCell.swift */,
				4A46A57026C5DEFE005EBD85 /* CategoryCollectionViewCell.xib */,
			);
			path = Category;
			sourceTree = "<group>";
		};
		4A46A57426C67548005EBD85 /* Preset */ = {
			isa = PBXGroup;
			children = (
				4A46A57726C6757D005EBD85 /* PresetTableViewCell.swift */,
				4A27D3A026C69CCC00A4D069 /* PresetTableViewCell.xib */,
			);
			path = Preset;
			sourceTree = "<group>";
		};
		4A553F3E26C41F96001150D2 = {
			isa = PBXGroup;
			children = (
				4A553F4926C41F97001150D2 /* Presets */,
				28C3E62D26EB3725001C2985 /* OneSignalNotificationServiceExtension */,
				4A553F4826C41F97001150D2 /* Products */,
				0D55D6E91F86B22D1C1A4A2F /* Pods */,
				DC291D7C61FB66F5746EFD66 /* Frameworks */,
			);
			sourceTree = "<group>";
		};
		4A553F4826C41F97001150D2 /* Products */ = {
			isa = PBXGroup;
			children = (
				4A553F4726C41F97001150D2 /* Presets.app */,
				28C3E62C26EB3725001C2985 /* OneSignalNotificationServiceExtension.appex */,
			);
			name = Products;
			sourceTree = "<group>";
		};
		4A553F4926C41F97001150D2 /* Presets */ = {
			isa = PBXGroup;
			children = (
				2860EB4F26F34C610016EB5B /* Configuration.storekit */,
				28DEEB3F2736635600006A75 /* StoreKitTestCertificate.cer */,
				28C3E63826EB3848001C2985 /* Presets.entitlements */,
				4A553F5326C41F98001150D2 /* Assets.xcassets */,
				4A553F5E26C41FA0001150D2 /* Application */,
				4A553F5F26C41FD1001150D2 /* Cells */,
				4A553F6026C41FDD001150D2 /* Controllers */,
				28F1330D26CA7BA500DB7142 /* Extensions */,
				4A553F6226C41FF1001150D2 /* Fonts */,
				28F1331F26CA8E6800DB7142 /* Localization */,
				2868AF1E26CFD3F8007FA1A5 /* Model */,
				2868AF1926CFD04A007FA1A5 /* Resources */,
				4A553F6326C41FFA001150D2 /* Storyboards */,
				4A5A2C7B26C487E900F78C2F /* Utils */,
				4A553F6426C4201A001150D2 /* Views */,
			);
			path = Presets;
			sourceTree = "<group>";
		};
		4A553F5E26C41FA0001150D2 /* Application */ = {
			isa = PBXGroup;
			children = (
				4A553F4A26C41F97001150D2 /* AppDelegate.swift */,
				4A553F4C26C41F97001150D2 /* SceneDelegate.swift */,
				28B72A8726F5D9A2002E2A22 /* GoogleService-Info.plist */,
				28DEEB452737055100006A75 /* GoogleService-Info (RELEASE).plist */,
				4A553F5826C41F98001150D2 /* Info.plist */,
			);
			name = Application;
			sourceTree = "<group>";
		};
		4A553F5F26C41FD1001150D2 /* Cells */ = {
			isa = PBXGroup;
			children = (
				4AEDF1D027307A3900217B5A /* Category Collection Cell */,
				4A46A57326C67537005EBD85 /* Category */,
				4A46A57426C67548005EBD85 /* Preset */,
				2823317026C6DAB9002EB4C2 /* PresetImage */,
			);
			path = Cells;
			sourceTree = "<group>";
		};
		4A553F6026C41FDD001150D2 /* Controllers */ = {
			isa = PBXGroup;
			children = (
				4A800E762732DD36004C1DB9 /* Settings */,
				4A5A2C7726C4877B00F78C2F /* BaseViewController.swift */,
				4A46A56D26C5D701005EBD85 /* MainViewController.swift */,
				4AC3A86126C6E86200B1340A /* ManualViewController.swift */,
				4A5A2C7526C4858600F78C2F /* OnboardingViewController.swift */,
				2823316E26C6C4F0002EB4C2 /* PresetViewController.swift */,
				4A93F3AA26C6847A0075D01D /* UserPresetsViewController.swift */,
				285452F126C572050097B9B2 /* Popups */,
				4A46A56A26C5D30E005EBD85 /* Subscriptions */,
			);
			path = Controllers;
			sourceTree = "<group>";
		};
		4A553F6226C41FF1001150D2 /* Fonts */ = {
			isa = PBXGroup;
			children = (
				28F1331426CA7D3E00DB7142 /* Euclid Circular A */,
				28F1331626CA7D4D00DB7142 /* Rubik */,
			);
			path = Fonts;
			sourceTree = "<group>";
		};
		4A553F6326C41FFA001150D2 /* Storyboards */ = {
			isa = PBXGroup;
			children = (
				4A553F5526C41F98001150D2 /* LaunchScreen.storyboard */,
				4A553F5026C41F97001150D2 /* Main.storyboard */,
			);
			path = Storyboards;
			sourceTree = "<group>";
		};
		4A553F6426C4201A001150D2 /* Views */ = {
			isa = PBXGroup;
			children = (
				4A610F9D26C48BC800D1CCC0 /* BlueGradientButton.swift */,
				285452EF26C5643B0097B9B2 /* GradientButton.swift */,
				4A5AE4D926C811EA009DC242 /* PagingCollectionViewLayout.swift */,
				285452F626C577B00097B9B2 /* PopupBackgroundView.swift */,
				28AB3A9826C4EC2800201D37 /* RedGradientButton.swift */,
			);
			path = Views;
			sourceTree = "<group>";
		};
		4A5A2C7B26C487E900F78C2F /* Utils */ = {
			isa = PBXGroup;
			children = (
				28F1330926CA74FB00DB7142 /* Controllers+Cells.swift */,
				28AB3A9C26C5594900201D37 /* Util.swift */,
				285452EA26C562AE0097B9B2 /* Constants.swift */,
				28F1330B26CA763F00DB7142 /* Images.swift */,
			);
			path = Utils;
			sourceTree = "<group>";
		};
		4A800E762732DD36004C1DB9 /* Settings */ = {
			isa = PBXGroup;
			children = (
				2823316A26C6B82B002EB4C2 /* SettingsViewController.swift */,
				4A800E772732DD5E004C1DB9 /* SettingsNavigationController.swift */,
			);
			path = Settings;
			sourceTree = "<group>";
		};
		4AEDF1D027307A3900217B5A /* Category Collection Cell */ = {
			isa = PBXGroup;
			children = (
				28DEEB4727372F9700006A75 /* PresetsCollectionViewCell.swift */,
				28DEEB4827372F9700006A75 /* PresetsCollectionViewCell.xib */,
			);
			path = "Category Collection Cell";
			sourceTree = "<group>";
		};
		DC291D7C61FB66F5746EFD66 /* Frameworks */ = {
			isa = PBXGroup;
			children = (
				2805FD9426F4BC820055BD6C /* StoreKit.framework */,
				EEB551C3082F3874FB4BA80C /* Pods_OneSignalNotificationServiceExtension.framework */,
				C47D460AA706E2E6FE11C8DF /* Pods_Presets.framework */,
			);
			name = Frameworks;
			sourceTree = "<group>";
		};
/* End PBXGroup section */

/* Begin PBXNativeTarget section */
		28C3E62B26EB3725001C2985 /* OneSignalNotificationServiceExtension */ = {
			isa = PBXNativeTarget;
			buildConfigurationList = 28C3E63726EB3725001C2985 /* Build configuration list for PBXNativeTarget "OneSignalNotificationServiceExtension" */;
			buildPhases = (
				412EA1481B65E72477BF6C2D /* [CP] Check Pods Manifest.lock */,
				28C3E62826EB3725001C2985 /* Sources */,
				28C3E62926EB3725001C2985 /* Frameworks */,
				28C3E62A26EB3725001C2985 /* Resources */,
			);
			buildRules = (
			);
			dependencies = (
			);
			name = OneSignalNotificationServiceExtension;
			productName = OneSignalNotificationServiceExtension;
			productReference = 28C3E62C26EB3725001C2985 /* OneSignalNotificationServiceExtension.appex */;
			productType = "com.apple.product-type.app-extension";
		};
		4A553F4626C41F96001150D2 /* Presets */ = {
			isa = PBXNativeTarget;
			buildConfigurationList = 4A553F5B26C41F98001150D2 /* Build configuration list for PBXNativeTarget "Presets" */;
			buildPhases = (
				7831AA280FB7BEA6288FEF94 /* [CP] Check Pods Manifest.lock */,
				4A553F4326C41F96001150D2 /* Sources */,
				4A553F4426C41F96001150D2 /* Frameworks */,
				4A553F4526C41F96001150D2 /* Resources */,
				28C3E63426EB3725001C2985 /* Embed App Extensions */,
				F5C872D43CCB059E71BC9EF9 /* [CP] Embed Pods Frameworks */,
			);
			buildRules = (
			);
			dependencies = (
				28C3E63226EB3725001C2985 /* PBXTargetDependency */,
			);
			name = Presets;
			packageProductDependencies = (
			);
			productName = Presets;
			productReference = 4A553F4726C41F97001150D2 /* Presets.app */;
			productType = "com.apple.product-type.application";
		};
/* End PBXNativeTarget section */

/* Begin PBXProject section */
		4A553F3F26C41F96001150D2 /* Project object */ = {
			isa = PBXProject;
			attributes = {
				LastSwiftUpdateCheck = 1300;
				LastUpgradeCheck = 1250;
				TargetAttributes = {
					28C3E62B26EB3725001C2985 = {
						CreatedOnToolsVersion = 13.0;
					};
					4A553F4626C41F96001150D2 = {
						CreatedOnToolsVersion = 12.5.1;
					};
				};
			};
			buildConfigurationList = 4A553F4226C41F96001150D2 /* Build configuration list for PBXProject "Presets" */;
			compatibilityVersion = "Xcode 9.3";
			developmentRegion = en;
			hasScannedForEncodings = 0;
			knownRegions = (
				en,
				Base,
				ar,
				fr,
				de,
				ja,
				th,
				ru,
				it,
				id,
				es,
				tr,
				vi,
				pt,
			);
			mainGroup = 4A553F3E26C41F96001150D2;
			packageReferences = (
			);
			productRefGroup = 4A553F4826C41F97001150D2 /* Products */;
			projectDirPath = "";
			projectRoot = "";
			targets = (
				4A553F4626C41F96001150D2 /* Presets */,
				28C3E62B26EB3725001C2985 /* OneSignalNotificationServiceExtension */,
			);
		};
/* End PBXProject section */

/* Begin PBXResourcesBuildPhase section */
		28C3E62A26EB3725001C2985 /* Resources */ = {
			isa = PBXResourcesBuildPhase;
			buildActionMask = 2147483647;
			files = (
			);
			runOnlyForDeploymentPostprocessing = 0;
		};
		4A553F4526C41F96001150D2 /* Resources */ = {
			isa = PBXResourcesBuildPhase;
			buildActionMask = 2147483647;
			files = (
				28B13E01278D517700C84BBC /* grid-blue-dusk.jpg in Resources */,
				28B13E00278D517700C84BBC /* grid-male.jpg in Resources */,
				28D84541273A8237006C0F17 /* grid-earthy-tones.jpeg in Resources */,
				28D8454E273A8237006C0F17 /* grid-moody-blue.jpeg in Resources */,
				2868AF1D26CFD068007FA1A5 /* presets.json in Resources */,
				28D8454D273A8237006C0F17 /* grid-cream-white.jpeg in Resources */,
				28B72A8826F5D9A3002E2A22 /* GoogleService-Info.plist in Resources */,
				28D8453C273A8237006C0F17 /* grid-nordic.jpeg in Resources */,
				28B13DFD278D517700C84BBC /* grid-chocolate.jpg in Resources */,
				28D84544273A8237006C0F17 /* grid-dark-moody.jpg in Resources */,
				4A5A2C7026C47C1D00F78C2F /* EuclidCircularA-Medium.ttf in Resources */,
				28D84540273A8237006C0F17 /* grid-rich-black.jpeg in Resources */,
				28D84545273A8237006C0F17 /* grid-dark-orange.jpeg in Resources */,
				28B13DFC278D517700C84BBC /* grid-cappuccino.jpg in Resources */,
				28DEEB402736635600006A75 /* StoreKitTestCertificate.cer in Resources */,
				4A5A2C6E26C47BF900F78C2F /* EuclidCircularA-Bold.ttf in Resources */,
				28B13DFE278D517700C84BBC /* grid-color-autumn.jpg in Resources */,
				4A553F5726C41F98001150D2 /* LaunchScreen.storyboard in Resources */,
				28F1337126CA9F7E00DB7142 /* swiftgen.yml in Resources */,
				28D8453F273A8237006C0F17 /* grid-paradise.jpeg in Resources */,
				28D8454C273A8237006C0F17 /* grid-summer.jpeg in Resources */,
				28D84542273A8237006C0F17 /* grid-boho.jpeg in Resources */,
				28D8453D273A8237006C0F17 /* grid-blvck.jpeg in Resources */,
				4AF7613126DD58CD0060D705 /* tutorial.mov in Resources */,
				28F1333A26CA8FA800DB7142 /* Localizable.strings in Resources */,
				28F1335826CA90A200DB7142 /* InfoPlist.strings in Resources */,
				4A5A2C6826C4798F00F78C2F /* Rubik-Bold.ttf in Resources */,
				4A553F5426C41F98001150D2 /* Assets.xcassets in Resources */,
				28DEEB4A27372F9700006A75 /* PresetsCollectionViewCell.xib in Resources */,
				28D84546273A8237006C0F17 /* grid-nature.jpeg in Resources */,
				28D84543273A8237006C0F17 /* grid-true-black.jpeg in Resources */,
				28D84549273A8237006C0F17 /* grid-coffee.jpeg in Resources */,
				4A5A2C6C26C479AA00F78C2F /* Rubik-Medium.ttf in Resources */,
				2823317426C6DAE0002EB4C2 /* PresetImageCollectionViewCell.xib in Resources */,
				28B13E02278D517700C84BBC /* grid-christmas.jpg in Resources */,
				28DEEB462737055100006A75 /* GoogleService-Info (RELEASE).plist in Resources */,
				28D8453E273A8237006C0F17 /* grid-night-bar.jpeg in Resources */,
				4A27D3A126C69CCC00A4D069 /* PresetTableViewCell.xib in Resources */,
				4A5A2C7426C47C4A00F78C2F /* EuclidCircularA-SemiBold.ttf in Resources */,
				28D84548273A8237006C0F17 /* grid-boho-wedding.jpeg in Resources */,
				4A5A2C6A26C4799E00F78C2F /* Rubik-Regular.ttf in Resources */,
				28B13DFB278D517700C84BBC /* grid-nude.jpg in Resources */,
				28D8454B273A8237006C0F17 /* grid-vintage-film.jpeg in Resources */,
				4A553F5226C41F97001150D2 /* Main.storyboard in Resources */,
				28B13DFF278D517700C84BBC /* grid-muted.jpg in Resources */,
				28D8454A273A8237006C0F17 /* grid-minimal-style.jpeg in Resources */,
				4A46A57226C5DEFE005EBD85 /* CategoryCollectionViewCell.xib in Resources */,
				4A5A2C7226C47C3000F78C2F /* EuclidCircularA-Regular.ttf in Resources */,
				28D84547273A8237006C0F17 /* grid-amber.jpeg in Resources */,
			);
			runOnlyForDeploymentPostprocessing = 0;
		};
/* End PBXResourcesBuildPhase section */

/* Begin PBXShellScriptBuildPhase section */
		412EA1481B65E72477BF6C2D /* [CP] Check Pods Manifest.lock */ = {
			isa = PBXShellScriptBuildPhase;
			buildActionMask = 2147483647;
			files = (
			);
			inputFileListPaths = (
			);
			inputPaths = (
				"${PODS_PODFILE_DIR_PATH}/Podfile.lock",
				"${PODS_ROOT}/Manifest.lock",
			);
			name = "[CP] Check Pods Manifest.lock";
			outputFileListPaths = (
			);
			outputPaths = (
				"$(DERIVED_FILE_DIR)/Pods-OneSignalNotificationServiceExtension-checkManifestLockResult.txt",
			);
			runOnlyForDeploymentPostprocessing = 0;
			shellPath = /bin/sh;
			shellScript = "diff \"${PODS_PODFILE_DIR_PATH}/Podfile.lock\" \"${PODS_ROOT}/Manifest.lock\" > /dev/null\nif [ $? != 0 ] ; then\n    # print error to STDERR\n    echo \"error: The sandbox is not in sync with the Podfile.lock. Run 'pod install' or update your CocoaPods installation.\" >&2\n    exit 1\nfi\n# This output is used by Xcode 'outputs' to avoid re-running this script phase.\necho \"SUCCESS\" > \"${SCRIPT_OUTPUT_FILE_0}\"\n";
			showEnvVarsInLog = 0;
		};
		7831AA280FB7BEA6288FEF94 /* [CP] Check Pods Manifest.lock */ = {
			isa = PBXShellScriptBuildPhase;
			buildActionMask = 2147483647;
			files = (
			);
			inputFileListPaths = (
			);
			inputPaths = (
				"${PODS_PODFILE_DIR_PATH}/Podfile.lock",
				"${PODS_ROOT}/Manifest.lock",
			);
			name = "[CP] Check Pods Manifest.lock";
			outputFileListPaths = (
			);
			outputPaths = (
				"$(DERIVED_FILE_DIR)/Pods-Presets-checkManifestLockResult.txt",
			);
			runOnlyForDeploymentPostprocessing = 0;
			shellPath = /bin/sh;
			shellScript = "diff \"${PODS_PODFILE_DIR_PATH}/Podfile.lock\" \"${PODS_ROOT}/Manifest.lock\" > /dev/null\nif [ $? != 0 ] ; then\n    # print error to STDERR\n    echo \"error: The sandbox is not in sync with the Podfile.lock. Run 'pod install' or update your CocoaPods installation.\" >&2\n    exit 1\nfi\n# This output is used by Xcode 'outputs' to avoid re-running this script phase.\necho \"SUCCESS\" > \"${SCRIPT_OUTPUT_FILE_0}\"\n";
			showEnvVarsInLog = 0;
		};
		F5C872D43CCB059E71BC9EF9 /* [CP] Embed Pods Frameworks */ = {
			isa = PBXShellScriptBuildPhase;
			buildActionMask = 2147483647;
			files = (
			);
			inputFileListPaths = (
				"${PODS_ROOT}/Target Support Files/Pods-Presets/Pods-Presets-frameworks-${CONFIGURATION}-input-files.xcfilelist",
			);
			name = "[CP] Embed Pods Frameworks";
			outputFileListPaths = (
				"${PODS_ROOT}/Target Support Files/Pods-Presets/Pods-Presets-frameworks-${CONFIGURATION}-output-files.xcfilelist",
			);
			runOnlyForDeploymentPostprocessing = 0;
			shellPath = /bin/sh;
			shellScript = "\"${PODS_ROOT}/Target Support Files/Pods-Presets/Pods-Presets-frameworks.sh\"\n";
			showEnvVarsInLog = 0;
		};
/* End PBXShellScriptBuildPhase section */

/* Begin PBXSourcesBuildPhase section */
		28C3E62826EB3725001C2985 /* Sources */ = {
			isa = PBXSourcesBuildPhase;
			buildActionMask = 2147483647;
			files = (
				28C3E62F26EB3725001C2985 /* NotificationService.swift in Sources */,
			);
			runOnlyForDeploymentPostprocessing = 0;
		};
		4A553F4326C41F96001150D2 /* Sources */ = {
			isa = PBXSourcesBuildPhase;
			buildActionMask = 2147483647;
			files = (
				4A5A2C7826C4877B00F78C2F /* BaseViewController.swift in Sources */,
				28F1330A26CA74FB00DB7142 /* Controllers+Cells.swift in Sources */,
				2823317326C6DAE0002EB4C2 /* PresetImageCollectionViewCell.swift in Sources */,
				4A266A6726C6D5B300318A8D /* SettingsPopupViewController.swift in Sources */,
				285452EB26C562AE0097B9B2 /* Constants.swift in Sources */,
				4AF7612F26DD11D30060D705 /* UINavigationController.swift in Sources */,
				28F1331326CA7BFF00DB7142 /* UILabel.swift in Sources */,
				285452F526C572440097B9B2 /* DefaultPopupViewController.swift in Sources */,
				28F1330C26CA763F00DB7142 /* Images.swift in Sources */,
				4A46A56926C5A9AD005EBD85 /* SubscriptionPlansViewController.swift in Sources */,
				4A46A56E26C5D701005EBD85 /* MainViewController.swift in Sources */,
				28F1330F26CA7BB500DB7142 /* UIView.swift in Sources */,
				4A02E90826C542FA00E3FCF0 /* SubscriptionViewController.swift in Sources */,
				2868AF2026CFD456007FA1A5 /* Preset.swift in Sources */,
				28837EE02796BF47009D144B /* String.swift in Sources */,
				4AE7C3CB279870A200E0B5DE /* SubscriptionSecondViewController.swift in Sources */,
				28DEEB422736652A00006A75 /* StorageManager.swift in Sources */,
				4AC3A86226C6E86200B1340A /* ManualViewController.swift in Sources */,
				28AB3A9926C4EC2800201D37 /* RedGradientButton.swift in Sources */,
				4A5A2C7D26C4880C00F78C2F /* UITextView.swift in Sources */,
				28F1331A26CA801500DB7142 /* UICollectionView.swift in Sources */,
				281FEB3226F395D900F115DE /* SKProduct.swift in Sources */,
				28837EDC27968FB5009D144B /* SaleOfferViewController.swift in Sources */,
				28F1337326CAA0D100DB7142 /* GeneratedStrings.swift in Sources */,
				4A5A2C7626C4858600F78C2F /* OnboardingViewController.swift in Sources */,
				2868AF2626CFE6CF007FA1A5 /* Language.swift in Sources */,
				28DEEB442736F05200006A75 /* UIImageView.swift in Sources */,
				4A5AE4DA26C811EA009DC242 /* PagingCollectionViewLayout.swift in Sources */,
				28AB3A9D26C5594900201D37 /* Util.swift in Sources */,
				287D9A1926FB73E2009CC19F /* StoreManager.swift in Sources */,
				2847BA6C273D6C8C00866B6C /* UINotification.swift in Sources */,
				285452F726C577B00097B9B2 /* PopupBackgroundView.swift in Sources */,
				4A553F4B26C41F97001150D2 /* AppDelegate.swift in Sources */,
				281FEB3426F454B800F115DE /* SubscriptionPlansPage.swift in Sources */,
				4A93F3AB26C6847A0075D01D /* UserPresetsViewController.swift in Sources */,
				28940B0C26EC704F0025944D /* OrganicSubscriptionPage.swift in Sources */,
				2823316B26C6B82B002EB4C2 /* SettingsViewController.swift in Sources */,
				28F1331C26CA80F000DB7142 /* UIButton.swift in Sources */,
				4A610F9E26C48BC800D1CCC0 /* BlueGradientButton.swift in Sources */,
				285452F026C5643B0097B9B2 /* GradientButton.swift in Sources */,
				28940B0926EBCEE30025944D /* RemoteConfig.swift in Sources */,
				4A46A57126C5DEFE005EBD85 /* CategoryCollectionViewCell.swift in Sources */,
				28DEEB4927372F9700006A75 /* PresetsCollectionViewCell.swift in Sources */,
				2823316F26C6C4F0002EB4C2 /* PresetViewController.swift in Sources */,
				4AE7C3CD2798851800E0B5DE /* SubscriptionThirdViewController.swift in Sources */,
				28F1331126CA7BE000DB7142 /* UIViewController.swift in Sources */,
				4A46A57926C6757D005EBD85 /* PresetTableViewCell.swift in Sources */,
				4AE7C3C927986A7E00E0B5DE /* SubscriptionFirstViewController.swift in Sources */,
				2868AF2426CFE6C3007FA1A5 /* State.swift in Sources */,
				4A800E782732DD5E004C1DB9 /* SettingsNavigationController.swift in Sources */,
				4A553F4D26C41F97001150D2 /* SceneDelegate.swift in Sources */,
				28837EDE2796AADD009D144B /* SaleSubscriptionPage.swift in Sources */,
				28F1331826CA7F9900DB7142 /* UITableView.swift in Sources */,
				285452F326C5722B0097B9B2 /* PopupViewController.swift in Sources */,
				28D84514273988E1006C0F17 /* ProdinfireManager.swift in Sources */,
			);
			runOnlyForDeploymentPostprocessing = 0;
		};
/* End PBXSourcesBuildPhase section */

/* Begin PBXTargetDependency section */
		28C3E63226EB3725001C2985 /* PBXTargetDependency */ = {
			isa = PBXTargetDependency;
			target = 28C3E62B26EB3725001C2985 /* OneSignalNotificationServiceExtension */;
			targetProxy = 28C3E63126EB3725001C2985 /* PBXContainerItemProxy */;
		};
/* End PBXTargetDependency section */

/* Begin PBXVariantGroup section */
		28F1333C26CA8FA800DB7142 /* Localizable.strings */ = {
			isa = PBXVariantGroup;
			children = (
				28F1333B26CA8FA800DB7142 /* en */,
				28F1333D26CA8FAB00DB7142 /* ar */,
				28F1333E26CA8FAB00DB7142 /* fr */,
				28F1333F26CA8FAC00DB7142 /* de */,
				28F1334026CA8FAC00DB7142 /* id */,
				28F1334126CA8FAD00DB7142 /* it */,
				28F1334226CA8FAE00DB7142 /* ja */,
				28F1334426CA8FB300DB7142 /* ru */,
				28F1334526CA8FB400DB7142 /* es */,
				28F1334626CA8FB500DB7142 /* th */,
				28F1334726CA8FB600DB7142 /* tr */,
				28F1334826CA8FB700DB7142 /* vi */,
				28837EE22796CDA2009D144B /* pt */,
			);
			name = Localizable.strings;
			sourceTree = "<group>";
		};
		28F1335A26CA90A200DB7142 /* InfoPlist.strings */ = {
			isa = PBXVariantGroup;
			children = (
				28F1335926CA90A200DB7142 /* en */,
				28F1335B26CA90A300DB7142 /* ar */,
				28F1335C26CA90A400DB7142 /* fr */,
				28F1335D26CA90A500DB7142 /* de */,
				28F1335E26CA90A600DB7142 /* it */,
				28F1335F26CA90A600DB7142 /* id */,
				28F1336026CA90AF00DB7142 /* ja */,
				28F1336226CA90B100DB7142 /* ru */,
				28F1336326CA90B200DB7142 /* es */,
				28F1336426CA90B200DB7142 /* th */,
				28F1336526CA90B300DB7142 /* tr */,
				28F1336626CA90B400DB7142 /* vi */,
				28837EE12796CDA2009D144B /* pt */,
			);
			name = InfoPlist.strings;
			sourceTree = "<group>";
		};
		4A553F5026C41F97001150D2 /* Main.storyboard */ = {
			isa = PBXVariantGroup;
			children = (
				4A553F5126C41F97001150D2 /* Base */,
			);
			name = Main.storyboard;
			sourceTree = "<group>";
		};
		4A553F5526C41F98001150D2 /* LaunchScreen.storyboard */ = {
			isa = PBXVariantGroup;
			children = (
				4A553F5626C41F98001150D2 /* Base */,
			);
			name = LaunchScreen.storyboard;
			sourceTree = "<group>";
		};
/* End PBXVariantGroup section */

/* Begin XCBuildConfiguration section */
		28C3E63526EB3725001C2985 /* Debug */ = {
			isa = XCBuildConfiguration;
			baseConfigurationReference = C65672EBE3C48A688A338754 /* Pods-OneSignalNotificationServiceExtension.debug.xcconfig */;
			buildSettings = {
				CLANG_CXX_LANGUAGE_STANDARD = "gnu++17";
				CODE_SIGN_IDENTITY = "Apple Development";
				CODE_SIGN_STYLE = Automatic;
				CURRENT_PROJECT_VERSION = 1;
				DEVELOPMENT_TEAM = 95G2CDLKC7;
				GENERATE_INFOPLIST_FILE = YES;
				INFOPLIST_FILE = OneSignalNotificationServiceExtension/Info.plist;
				INFOPLIST_KEY_CFBundleDisplayName = OneSignalNotificationServiceExtension;
				INFOPLIST_KEY_NSHumanReadableCopyright = "";
				IPHONEOS_DEPLOYMENT_TARGET = 13.0;
				LD_RUNPATH_SEARCH_PATHS = (
					"$(inherited)",
					"@executable_path/Frameworks",
					"@executable_path/../../Frameworks",
				);
				MARKETING_VERSION = 1.0;
				PRODUCT_BUNDLE_IDENTIFIER = com.artmouse.presets.OneSignalNotificationServiceExtension;
				PRODUCT_NAME = "$(TARGET_NAME)";
				SKIP_INSTALL = YES;
				SWIFT_EMIT_LOC_STRINGS = YES;
				SWIFT_VERSION = 5.0;
				TARGETED_DEVICE_FAMILY = 1;
			};
			name = Debug;
		};
		28C3E63626EB3725001C2985 /* Release */ = {
			isa = XCBuildConfiguration;
			baseConfigurationReference = B4E218188AD856AE95660E43 /* Pods-OneSignalNotificationServiceExtension.release.xcconfig */;
			buildSettings = {
				CLANG_CXX_LANGUAGE_STANDARD = "gnu++17";
				CODE_SIGN_IDENTITY = "Apple Development";
				CODE_SIGN_STYLE = Automatic;
				CURRENT_PROJECT_VERSION = 1;
				DEVELOPMENT_TEAM = 95G2CDLKC7;
				GENERATE_INFOPLIST_FILE = YES;
				INFOPLIST_FILE = OneSignalNotificationServiceExtension/Info.plist;
				INFOPLIST_KEY_CFBundleDisplayName = OneSignalNotificationServiceExtension;
				INFOPLIST_KEY_NSHumanReadableCopyright = "";
				IPHONEOS_DEPLOYMENT_TARGET = 13.0;
				LD_RUNPATH_SEARCH_PATHS = (
					"$(inherited)",
					"@executable_path/Frameworks",
					"@executable_path/../../Frameworks",
				);
				MARKETING_VERSION = 1.0;
				PRODUCT_BUNDLE_IDENTIFIER = com.artmouse.presets.OneSignalNotificationServiceExtension;
				PRODUCT_NAME = "$(TARGET_NAME)";
				SKIP_INSTALL = YES;
				SWIFT_EMIT_LOC_STRINGS = YES;
				SWIFT_VERSION = 5.0;
				TARGETED_DEVICE_FAMILY = 1;
			};
			name = Release;
		};
		4A553F5926C41F98001150D2 /* Debug */ = {
			isa = XCBuildConfiguration;
			buildSettings = {
				ALWAYS_SEARCH_USER_PATHS = NO;
				CLANG_ANALYZER_LOCALIZABILITY_NONLOCALIZED = YES;
				CLANG_ANALYZER_NONNULL = YES;
				CLANG_ANALYZER_NUMBER_OBJECT_CONVERSION = YES_AGGRESSIVE;
				CLANG_CXX_LANGUAGE_STANDARD = "gnu++14";
				CLANG_CXX_LIBRARY = "libc++";
				CLANG_ENABLE_MODULES = YES;
				CLANG_ENABLE_OBJC_ARC = YES;
				CLANG_ENABLE_OBJC_WEAK = YES;
				CLANG_WARN_BLOCK_CAPTURE_AUTORELEASING = YES;
				CLANG_WARN_BOOL_CONVERSION = YES;
				CLANG_WARN_COMMA = YES;
				CLANG_WARN_CONSTANT_CONVERSION = YES;
				CLANG_WARN_DEPRECATED_OBJC_IMPLEMENTATIONS = YES;
				CLANG_WARN_DIRECT_OBJC_ISA_USAGE = YES_ERROR;
				CLANG_WARN_DOCUMENTATION_COMMENTS = YES;
				CLANG_WARN_EMPTY_BODY = YES;
				CLANG_WARN_ENUM_CONVERSION = YES;
				CLANG_WARN_INFINITE_RECURSION = YES;
				CLANG_WARN_INT_CONVERSION = YES;
				CLANG_WARN_NON_LITERAL_NULL_CONVERSION = YES;
				CLANG_WARN_OBJC_IMPLICIT_RETAIN_SELF = YES;
				CLANG_WARN_OBJC_LITERAL_CONVERSION = YES;
				CLANG_WARN_OBJC_ROOT_CLASS = YES_ERROR;
				CLANG_WARN_QUOTED_INCLUDE_IN_FRAMEWORK_HEADER = YES;
				CLANG_WARN_RANGE_LOOP_ANALYSIS = YES;
				CLANG_WARN_STRICT_PROTOTYPES = YES;
				CLANG_WARN_SUSPICIOUS_MOVE = YES;
				CLANG_WARN_UNGUARDED_AVAILABILITY = YES_AGGRESSIVE;
				CLANG_WARN_UNREACHABLE_CODE = YES;
				CLANG_WARN__DUPLICATE_METHOD_MATCH = YES;
				COPY_PHASE_STRIP = NO;
				DEBUG_INFORMATION_FORMAT = dwarf;
				ENABLE_STRICT_OBJC_MSGSEND = YES;
				ENABLE_TESTABILITY = YES;
				GCC_C_LANGUAGE_STANDARD = gnu11;
				GCC_DYNAMIC_NO_PIC = NO;
				GCC_NO_COMMON_BLOCKS = YES;
				GCC_OPTIMIZATION_LEVEL = 0;
				GCC_PREPROCESSOR_DEFINITIONS = (
					"DEBUG=1",
					"$(inherited)",
				);
				GCC_WARN_64_TO_32_BIT_CONVERSION = YES;
				GCC_WARN_ABOUT_RETURN_TYPE = YES_ERROR;
				GCC_WARN_UNDECLARED_SELECTOR = YES;
				GCC_WARN_UNINITIALIZED_AUTOS = YES_AGGRESSIVE;
				GCC_WARN_UNUSED_FUNCTION = YES;
				GCC_WARN_UNUSED_VARIABLE = YES;
				IPHONEOS_DEPLOYMENT_TARGET = 13.0;
				MTL_ENABLE_DEBUG_INFO = INCLUDE_SOURCE;
				MTL_FAST_MATH = YES;
				ONLY_ACTIVE_ARCH = YES;
				SDKROOT = iphoneos;
				SWIFT_ACTIVE_COMPILATION_CONDITIONS = DEBUG;
				SWIFT_OPTIMIZATION_LEVEL = "-Onone";
			};
			name = Debug;
		};
		4A553F5A26C41F98001150D2 /* Release */ = {
			isa = XCBuildConfiguration;
			buildSettings = {
				ALWAYS_SEARCH_USER_PATHS = NO;
				CLANG_ANALYZER_LOCALIZABILITY_NONLOCALIZED = YES;
				CLANG_ANALYZER_NONNULL = YES;
				CLANG_ANALYZER_NUMBER_OBJECT_CONVERSION = YES_AGGRESSIVE;
				CLANG_CXX_LANGUAGE_STANDARD = "gnu++14";
				CLANG_CXX_LIBRARY = "libc++";
				CLANG_ENABLE_MODULES = YES;
				CLANG_ENABLE_OBJC_ARC = YES;
				CLANG_ENABLE_OBJC_WEAK = YES;
				CLANG_WARN_BLOCK_CAPTURE_AUTORELEASING = YES;
				CLANG_WARN_BOOL_CONVERSION = YES;
				CLANG_WARN_COMMA = YES;
				CLANG_WARN_CONSTANT_CONVERSION = YES;
				CLANG_WARN_DEPRECATED_OBJC_IMPLEMENTATIONS = YES;
				CLANG_WARN_DIRECT_OBJC_ISA_USAGE = YES_ERROR;
				CLANG_WARN_DOCUMENTATION_COMMENTS = YES;
				CLANG_WARN_EMPTY_BODY = YES;
				CLANG_WARN_ENUM_CONVERSION = YES;
				CLANG_WARN_INFINITE_RECURSION = YES;
				CLANG_WARN_INT_CONVERSION = YES;
				CLANG_WARN_NON_LITERAL_NULL_CONVERSION = YES;
				CLANG_WARN_OBJC_IMPLICIT_RETAIN_SELF = YES;
				CLANG_WARN_OBJC_LITERAL_CONVERSION = YES;
				CLANG_WARN_OBJC_ROOT_CLASS = YES_ERROR;
				CLANG_WARN_QUOTED_INCLUDE_IN_FRAMEWORK_HEADER = YES;
				CLANG_WARN_RANGE_LOOP_ANALYSIS = YES;
				CLANG_WARN_STRICT_PROTOTYPES = YES;
				CLANG_WARN_SUSPICIOUS_MOVE = YES;
				CLANG_WARN_UNGUARDED_AVAILABILITY = YES_AGGRESSIVE;
				CLANG_WARN_UNREACHABLE_CODE = YES;
				CLANG_WARN__DUPLICATE_METHOD_MATCH = YES;
				COPY_PHASE_STRIP = NO;
				DEBUG_INFORMATION_FORMAT = "dwarf-with-dsym";
				ENABLE_NS_ASSERTIONS = NO;
				ENABLE_STRICT_OBJC_MSGSEND = YES;
				GCC_C_LANGUAGE_STANDARD = gnu11;
				GCC_NO_COMMON_BLOCKS = YES;
				GCC_WARN_64_TO_32_BIT_CONVERSION = YES;
				GCC_WARN_ABOUT_RETURN_TYPE = YES_ERROR;
				GCC_WARN_UNDECLARED_SELECTOR = YES;
				GCC_WARN_UNINITIALIZED_AUTOS = YES_AGGRESSIVE;
				GCC_WARN_UNUSED_FUNCTION = YES;
				GCC_WARN_UNUSED_VARIABLE = YES;
				IPHONEOS_DEPLOYMENT_TARGET = 13.0;
				MTL_ENABLE_DEBUG_INFO = NO;
				MTL_FAST_MATH = YES;
				SDKROOT = iphoneos;
				SWIFT_COMPILATION_MODE = wholemodule;
				SWIFT_OPTIMIZATION_LEVEL = "-O";
				VALIDATE_PRODUCT = YES;
			};
			name = Release;
		};
		4A553F5C26C41F98001150D2 /* Debug */ = {
			isa = XCBuildConfiguration;
			baseConfigurationReference = 2EE3B9B2BDF87FB0FF81707E /* Pods-Presets.debug.xcconfig */;
			buildSettings = {
				ALWAYS_EMBED_SWIFT_STANDARD_LIBRARIES = YES;
				ASSETCATALOG_COMPILER_APPICON_NAME = AppIcon;
				ASSETCATALOG_COMPILER_GLOBAL_ACCENT_COLOR_NAME = AccentColor;
				ASSETCATALOG_COMPILER_INCLUDE_ALL_APPICON_ASSETS = NO;
				CODE_SIGN_ENTITLEMENTS = Presets/Presets.entitlements;
				CODE_SIGN_IDENTITY = "Apple Development";
				CODE_SIGN_STYLE = Automatic;
				DEVELOPMENT_TEAM = 95G2CDLKC7;
				INFOPLIST_FILE = Presets/Info.plist;
				IPHONEOS_DEPLOYMENT_TARGET = 13.0;
				LD_RUNPATH_SEARCH_PATHS = (
					"$(inherited)",
					"@executable_path/Frameworks",
				);
				PRODUCT_BUNDLE_IDENTIFIER = com.artmouse.presets;
				PRODUCT_NAME = "$(TARGET_NAME)";
				PROVISIONING_PROFILE_SPECIFIER = "";
				SWIFT_VERSION = 5.0;
				TARGETED_DEVICE_FAMILY = 1;
			};
			name = Debug;
		};
		4A553F5D26C41F98001150D2 /* Release */ = {
			isa = XCBuildConfiguration;
			baseConfigurationReference = AD399EBA781F3BEB6ED23199 /* Pods-Presets.release.xcconfig */;
			buildSettings = {
				ALWAYS_EMBED_SWIFT_STANDARD_LIBRARIES = YES;
				ASSETCATALOG_COMPILER_APPICON_NAME = AppIcon;
				ASSETCATALOG_COMPILER_GLOBAL_ACCENT_COLOR_NAME = AccentColor;
				ASSETCATALOG_COMPILER_INCLUDE_ALL_APPICON_ASSETS = NO;
				CODE_SIGN_ENTITLEMENTS = Presets/Presets.entitlements;
				CODE_SIGN_IDENTITY = "Apple Development";
				CODE_SIGN_STYLE = Automatic;
				DEVELOPMENT_TEAM = 95G2CDLKC7;
				INFOPLIST_FILE = Presets/Info.plist;
				IPHONEOS_DEPLOYMENT_TARGET = 13.0;
				LD_RUNPATH_SEARCH_PATHS = (
					"$(inherited)",
					"@executable_path/Frameworks",
				);
				PRODUCT_BUNDLE_IDENTIFIER = com.artmouse.presets;
				PRODUCT_NAME = "$(TARGET_NAME)";
				PROVISIONING_PROFILE_SPECIFIER = "";
				SWIFT_VERSION = 5.0;
				TARGETED_DEVICE_FAMILY = 1;
			};
			name = Release;
		};
/* End XCBuildConfiguration section */

/* Begin XCConfigurationList section */
		28C3E63726EB3725001C2985 /* Build configuration list for PBXNativeTarget "OneSignalNotificationServiceExtension" */ = {
			isa = XCConfigurationList;
			buildConfigurations = (
				28C3E63526EB3725001C2985 /* Debug */,
				28C3E63626EB3725001C2985 /* Release */,
			);
			defaultConfigurationIsVisible = 0;
			defaultConfigurationName = Release;
		};
		4A553F4226C41F96001150D2 /* Build configuration list for PBXProject "Presets" */ = {
			isa = XCConfigurationList;
			buildConfigurations = (
				4A553F5926C41F98001150D2 /* Debug */,
				4A553F5A26C41F98001150D2 /* Release */,
			);
			defaultConfigurationIsVisible = 0;
			defaultConfigurationName = Release;
		};
		4A553F5B26C41F98001150D2 /* Build configuration list for PBXNativeTarget "Presets" */ = {
			isa = XCConfigurationList;
			buildConfigurations = (
				4A553F5C26C41F98001150D2 /* Debug */,
				4A553F5D26C41F98001150D2 /* Release */,
			);
			defaultConfigurationIsVisible = 0;
			defaultConfigurationName = Release;
		};
/* End XCConfigurationList section */
	};
	rootObject = 4A553F3F26C41F96001150D2 /* Project object */;
}
